{
  "version": 4,
  "terraform_version": "0.14.11",
  "serial": 2339,
  "lineage": "6b8e7b87-fce6-0f37-5a63-5fd542669151",
  "outputs": {
    "domain_name": {
      "value": "experiment-lab.link",
      "type": "string"
    }
  },
  "resources": [
    {
      "mode": "data",
      "type": "aws_iam_policy",
      "name": "lambda_basic_execution",
      "provider": "provider[\"registry.terraform.io/hashicorp/aws\"]",
      "instances": [
        {
          "schema_version": 0,
          "attributes": {
            "arn": "arn:aws:iam::aws:policy/service-role/AWSLambdaBasicExecutionRole",
            "description": "Provides write permissions to CloudWatch Logs.",
            "id": "arn:aws:iam::aws:policy/service-role/AWSLambdaBasicExecutionRole",
            "name": "AWSLambdaBasicExecutionRole",
            "path": "/service-role/",
            "path_prefix": null,
            "policy": "{\n  \"Version\": \"2012-10-17\",\n  \"Statement\": [\n    {\n      \"Effect\": \"Allow\",\n      \"Action\": [\n        \"logs:CreateLogGroup\",\n        \"logs:CreateLogStream\",\n        \"logs:PutLogEvents\"\n      ],\n      \"Resource\": \"*\"\n    }\n  ]\n}",
            "policy_id": "ANPAJNCQGXC42545SKXIK",
            "tags": {}
          },
          "sensitive_attributes": []
        }
      ]
    },
    {
      "mode": "data",
      "type": "aws_iam_policy_document",
      "name": "assume_role",
      "provider": "provider[\"registry.terraform.io/hashicorp/aws\"]",
      "instances": [
        {
          "schema_version": 0,
          "attributes": {
            "id": "3693445097",
            "json": "{\n  \"Version\": \"2012-10-17\",\n  \"Statement\": [\n    {\n      \"Sid\": \"\",\n      \"Effect\": \"Allow\",\n      \"Action\": \"sts:AssumeRole\",\n      \"Principal\": {\n        \"Service\": \"lambda.amazonaws.com\"\n      }\n    }\n  ]\n}",
            "override_json": null,
            "override_policy_documents": null,
            "policy_id": null,
            "source_json": null,
            "source_policy_documents": null,
            "statement": [
              {
                "actions": [
                  "sts:AssumeRole"
                ],
                "condition": [],
                "effect": "Allow",
                "not_actions": [],
                "not_principals": [],
                "not_resources": [],
                "principals": [
                  {
                    "identifiers": [
                      "lambda.amazonaws.com"
                    ],
                    "type": "Service"
                  }
                ],
                "resources": [],
                "sid": ""
              }
            ],
            "version": "2012-10-17"
          },
          "sensitive_attributes": []
        }
      ]
    },
    {
      "mode": "data",
      "type": "aws_iam_policy_document",
      "name": "dynamodb_policy",
      "provider": "provider[\"registry.terraform.io/hashicorp/aws\"]",
      "instances": [
        {
          "schema_version": 0,
          "attributes": {
            "id": "3541229415",
            "json": "{\n  \"Version\": \"2012-10-17\",\n  \"Statement\": [\n    {\n      \"Sid\": \"\",\n      \"Effect\": \"Allow\",\n      \"Action\": [\n        \"dynamodb:ListStreams\",\n        \"dynamodb:GetShardIterator\",\n        \"dynamodb:GetRecords\",\n        \"dynamodb:DescribeStream\"\n      ],\n      \"Resource\": \"*\"\n    }\n  ]\n}",
            "override_json": null,
            "override_policy_documents": null,
            "policy_id": null,
            "source_json": null,
            "source_policy_documents": null,
            "statement": [
              {
                "actions": [
                  "dynamodb:DescribeStream",
                  "dynamodb:GetRecords",
                  "dynamodb:GetShardIterator",
                  "dynamodb:ListStreams"
                ],
                "condition": [],
                "effect": "Allow",
                "not_actions": [],
                "not_principals": [],
                "not_resources": [],
                "principals": [],
                "resources": [
                  "*"
                ],
                "sid": ""
              }
            ],
            "version": "2012-10-17"
          },
          "sensitive_attributes": []
        }
      ]
    },
    {
      "mode": "data",
      "type": "aws_iam_policy_document",
      "name": "lambda_policy",
      "provider": "provider[\"registry.terraform.io/hashicorp/aws\"]",
      "instances": [
        {
          "schema_version": 0,
          "attributes": {
            "id": "2391993395",
            "json": "{\n  \"Version\": \"2012-10-17\",\n  \"Statement\": [\n    {\n      \"Sid\": \"\",\n      \"Effect\": \"Allow\",\n      \"Action\": [\n        \"logs:CreateLogGroup\",\n        \"logs:CreateLogStream\",\n        \"logs:PutLogEvents\"\n      ],\n      \"Resource\": \"*\"\n    },\n    {\n      \"Sid\": \"\",\n      \"Effect\": \"Allow\",\n      \"Action\": \"*\",\n      \"Resource\": \"*\"\n    }\n  ]\n}",
            "override_json": null,
            "override_policy_documents": null,
            "policy_id": null,
            "source_json": "{\n  \"Version\": \"2012-10-17\",\n  \"Statement\": [\n    {\n      \"Effect\": \"Allow\",\n      \"Action\": [\n        \"logs:CreateLogGroup\",\n        \"logs:CreateLogStream\",\n        \"logs:PutLogEvents\"\n      ],\n      \"Resource\": \"*\"\n    }\n  ]\n}",
            "source_policy_documents": null,
            "statement": [
              {
                "actions": [
                  "*"
                ],
                "condition": [],
                "effect": "Allow",
                "not_actions": [],
                "not_principals": [],
                "not_resources": [],
                "principals": [],
                "resources": [
                  "*"
                ],
                "sid": ""
              }
            ],
            "version": "2012-10-17"
          },
          "sensitive_attributes": []
        }
      ]
    },
    {
      "mode": "data",
      "type": "aws_iam_policy_document",
      "name": "public",
      "provider": "provider[\"registry.terraform.io/hashicorp/aws\"]",
      "instances": [
        {
          "schema_version": 0,
          "attributes": {
            "id": "2443719276",
            "json": "{\n  \"Version\": \"2012-10-17\",\n  \"Statement\": [\n    {\n      \"Sid\": \"\",\n      \"Effect\": \"Allow\",\n      \"Action\": [\n        \"s3:PutObject\",\n        \"s3:ListBucket\",\n        \"s3:GetObject\",\n        \"s3:DeleteObject\"\n      ],\n      \"Resource\": [\n        \"arn:aws:s3:::public-production-filestorage/*\",\n        \"arn:aws:s3:::public-production-filestorage\"\n      ],\n      \"Principal\": \"*\"\n    }\n  ]\n}",
            "override_json": null,
            "override_policy_documents": null,
            "policy_id": null,
            "source_json": null,
            "source_policy_documents": null,
            "statement": [
              {
                "actions": [
                  "s3:DeleteObject",
                  "s3:GetObject",
                  "s3:ListBucket",
                  "s3:PutObject"
                ],
                "condition": [],
                "effect": "Allow",
                "not_actions": [],
                "not_principals": [],
                "not_resources": [],
                "principals": [
                  {
                    "identifiers": [
                      "*"
                    ],
                    "type": "*"
                  }
                ],
                "resources": [
                  "arn:aws:s3:::public-production-filestorage",
                  "arn:aws:s3:::public-production-filestorage/*"
                ],
                "sid": ""
              }
            ],
            "version": "2012-10-17"
          },
          "sensitive_attributes": []
        }
      ]
    },
    {
      "mode": "data",
      "type": "aws_route53_zone",
      "name": "current",
      "provider": "provider[\"registry.terraform.io/hashicorp/aws\"]",
      "instances": [
        {
          "schema_version": 0,
          "attributes": {
            "caller_reference": "RISWorkflow-RD:4f3be4f3-c85a-4792-8cf0-a8403e2bdc65",
            "comment": "HostedZone created by Route53 Registrar",
            "id": "Z05006521RFED8PCJ8B80",
            "linked_service_description": null,
            "linked_service_principal": null,
            "name": "experiment-lab.link",
            "name_servers": [
              "ns-553.awsdns-05.net",
              "ns-1164.awsdns-17.org",
              "ns-34.awsdns-04.com",
              "ns-1704.awsdns-21.co.uk"
            ],
            "private_zone": false,
            "resource_record_set_count": 6,
            "tags": {},
            "vpc_id": null,
            "zone_id": "Z05006521RFED8PCJ8B80"
          },
          "sensitive_attributes": []
        }
      ]
    },
    {
      "mode": "managed",
      "type": "aws_acm_certificate",
      "name": "current",
      "provider": "provider[\"registry.terraform.io/hashicorp/aws\"]",
      "instances": [
        {
          "schema_version": 0,
          "attributes": {
            "arn": "arn:aws:acm:ap-northeast-1:320981266684:certificate/8bfa5c37-025e-489a-94dc-d9385661d99d",
            "certificate_authority_arn": "",
            "certificate_body": null,
            "certificate_chain": null,
            "domain_name": "experiment-lab.link",
            "domain_validation_options": [
              {
                "domain_name": "api.experiment-lab.link",
                "resource_record_name": "_09ba0330bc9748a1078ec3c89e5c535d.api.experiment-lab.link.",
                "resource_record_type": "CNAME",
                "resource_record_value": "_dceae70268318767373dc09ec9aad669.zzxlnyslwt.acm-validations.aws."
              },
              {
                "domain_name": "experiment-lab.link",
                "resource_record_name": "_4075d93759bcf38f4bc92658da690ff3.experiment-lab.link.",
                "resource_record_type": "CNAME",
                "resource_record_value": "_b5ab94500f6361b33eb6cc0dd3917674.zzxlnyslwt.acm-validations.aws."
              }
            ],
            "id": "arn:aws:acm:ap-northeast-1:320981266684:certificate/8bfa5c37-025e-489a-94dc-d9385661d99d",
            "options": [
              {
                "certificate_transparency_logging_preference": "ENABLED"
              }
            ],
            "private_key": null,
            "status": "ISSUED",
            "subject_alternative_names": [
              "api.experiment-lab.link"
            ],
            "tags": {
              "Name": "production"
            },
            "tags_all": {
              "Name": "production"
            },
            "validation_emails": [],
            "validation_method": "DNS"
          },
          "sensitive_attributes": [],
          "private": "bnVsbA==",
          "dependencies": [
            "aws_route53_record.current",
            "data.aws_route53_zone.current"
          ],
          "create_before_destroy": true
        }
      ]
    },
    {
      "mode": "managed",
      "type": "aws_acm_certificate_validation",
      "name": "current",
      "provider": "provider[\"registry.terraform.io/hashicorp/aws\"]",
      "instances": [
        {
          "schema_version": 0,
          "attributes": {
            "certificate_arn": "arn:aws:acm:ap-northeast-1:320981266684:certificate/8bfa5c37-025e-489a-94dc-d9385661d99d",
            "id": "2021-05-06 18:56:47 +0000 UTC",
            "timeouts": null,
            "validation_record_fqdns": [
              "_09ba0330bc9748a1078ec3c89e5c535d.api.experiment-lab.link",
              "_4075d93759bcf38f4bc92658da690ff3.experiment-lab.link"
            ]
          },
          "sensitive_attributes": [],
          "private": "eyJlMmJmYjczMC1lY2FhLTExZTYtOGY4OC0zNDM2M2JjN2M0YzAiOnsiY3JlYXRlIjoyNzAwMDAwMDAwMDAwfX0=",
          "dependencies": [
            "aws_acm_certificate.current",
            "aws_route53_record.current",
            "aws_route53_record.current_certificate",
            "data.aws_route53_zone.current"
          ]
        }
      ]
    },
    {
      "mode": "managed",
      "type": "aws_api_gateway_base_path_mapping",
      "name": "current",
      "provider": "provider[\"registry.terraform.io/hashicorp/aws\"]",
      "instances": [
        {
          "schema_version": 0,
          "attributes": {
            "api_id": "u2q24vtiua",
            "base_path": "",
            "domain_name": "api.experiment-lab.link",
            "id": "api.experiment-lab.link/",
            "stage_name": "production"
          },
          "sensitive_attributes": [],
          "private": "bnVsbA==",
          "dependencies": [
            "aws_acm_certificate.current",
            "aws_acm_certificate_validation.current",
            "aws_api_gateway_deployment.hoge",
            "aws_api_gateway_domain_name.current",
            "aws_api_gateway_rest_api.current",
            "aws_route53_record.current",
            "aws_route53_record.current_certificate",
            "data.aws_route53_zone.current"
          ]
        }
      ]
    },
    {
      "mode": "managed",
      "type": "aws_api_gateway_deployment",
      "name": "hoge",
      "provider": "provider[\"registry.terraform.io/hashicorp/aws\"]",
      "instances": [
        {
          "schema_version": 0,
          "attributes": {
            "created_date": "2021-05-10T11:17:02Z",
            "description": "",
            "execution_arn": "arn:aws:execute-api:ap-northeast-1:320981266684:u2q24vtiua/production",
            "id": "2oco05",
            "invoke_url": "https://u2q24vtiua.execute-api.ap-northeast-1.amazonaws.com/production",
            "rest_api_id": "u2q24vtiua",
            "stage_description": "timestamp = 2021-05-10T11:17:02Z",
            "stage_name": "production",
            "triggers": null,
            "variables": null
          },
          "sensitive_attributes": [],
          "private": "bnVsbA==",
          "dependencies": [
            "aws_api_gateway_rest_api.current"
          ],
          "create_before_destroy": true
        }
      ]
    },
    {
      "mode": "managed",
      "type": "aws_api_gateway_domain_name",
      "name": "current",
      "provider": "provider[\"registry.terraform.io/hashicorp/aws\"]",
      "instances": [
        {
          "schema_version": 0,
          "attributes": {
            "arn": "arn:aws:apigateway:ap-northeast-1::/domainnames/api.experiment-lab.link",
            "certificate_arn": "",
            "certificate_body": null,
            "certificate_chain": null,
            "certificate_name": "",
            "certificate_private_key": null,
            "certificate_upload_date": "2021-05-06T18:56:53Z",
            "cloudfront_domain_name": "",
            "cloudfront_zone_id": "Z2FDTNDATAQYW2",
            "domain_name": "api.experiment-lab.link",
            "endpoint_configuration": [
              {
                "types": [
                  "REGIONAL"
                ]
              }
            ],
            "id": "api.experiment-lab.link",
            "mutual_tls_authentication": [],
            "regional_certificate_arn": "arn:aws:acm:ap-northeast-1:320981266684:certificate/8bfa5c37-025e-489a-94dc-d9385661d99d",
            "regional_certificate_name": "",
            "regional_domain_name": "d-xlz6fpcqjk.execute-api.ap-northeast-1.amazonaws.com",
            "regional_zone_id": "Z1YSHQZHG15GKL",
            "security_policy": "TLS_1_0",
            "tags": {},
            "tags_all": {}
          },
          "sensitive_attributes": [],
          "private": "bnVsbA==",
          "dependencies": [
            "aws_acm_certificate.current",
            "aws_acm_certificate_validation.current",
            "aws_route53_record.current",
            "aws_route53_record.current_certificate",
            "data.aws_route53_zone.current"
          ]
        }
      ]
    },
    {
      "mode": "managed",
      "type": "aws_api_gateway_rest_api",
      "name": "current",
      "provider": "provider[\"registry.terraform.io/hashicorp/aws\"]",
      "instances": [
        {
          "schema_version": 0,
          "attributes": {
            "api_key_source": "HEADER",
            "arn": "arn:aws:apigateway:ap-northeast-1::/restapis/u2q24vtiua",
            "binary_media_types": [],
            "body": null,
            "created_date": "2021-05-03T09:09:07Z",
            "description": "This is used as backend for WebStorage.",
            "disable_execute_api_endpoint": false,
            "endpoint_configuration": [
              {
                "types": [
                  "EDGE"
                ],
                "vpc_endpoint_ids": []
              }
            ],
            "execution_arn": "arn:aws:execute-api:ap-northeast-1:320981266684:u2q24vtiua",
            "id": "u2q24vtiua",
            "minimum_compression_size": -1,
            "name": "WebStorageApiGateway",
            "parameters": null,
            "policy": "",
            "root_resource_id": "x1roclyjj9",
            "tags": {},
            "tags_all": {}
          },
          "sensitive_attributes": [],
          "private": "bnVsbA==",
          "create_before_destroy": true
        }
      ]
    },
    {
      "mode": "managed",
      "type": "aws_api_gateway_stage",
      "name": "current",
      "provider": "provider[\"registry.terraform.io/hashicorp/aws\"]",
      "instances": [
        {
          "schema_version": 0,
          "attributes": {
            "access_log_settings": [],
            "arn": "arn:aws:apigateway:ap-northeast-1::/restapis/u2q24vtiua/stages/test",
            "cache_cluster_enabled": false,
            "cache_cluster_size": "",
            "client_certificate_id": "",
            "deployment_id": "2oco05",
            "description": "",
            "documentation_version": "",
            "execution_arn": "arn:aws:execute-api:ap-northeast-1:320981266684:u2q24vtiua/test",
            "id": "ags-u2q24vtiua-test",
            "invoke_url": "https://u2q24vtiua.execute-api.ap-northeast-1.amazonaws.com/test",
            "rest_api_id": "u2q24vtiua",
            "stage_name": "test",
            "tags": {},
            "tags_all": {},
            "variables": {},
            "xray_tracing_enabled": false
          },
          "sensitive_attributes": [],
          "private": "bnVsbA==",
          "dependencies": [
            "aws_api_gateway_deployment.hoge",
            "aws_api_gateway_rest_api.current"
          ]
        }
      ]
    },
    {
      "mode": "managed",
      "type": "aws_cloudwatch_log_group",
      "name": "lambda_filestorage",
      "provider": "provider[\"registry.terraform.io/hashicorp/aws\"]",
      "instances": [
        {
          "schema_version": 0,
          "attributes": {
            "arn": "arn:aws:logs:ap-northeast-1:320981266684:log-group:/production/lambda/filestorage",
            "id": "/production/lambda/filestorage",
            "kms_key_id": "",
            "name": "/production/lambda/filestorage",
            "name_prefix": null,
            "retention_in_days": 0,
            "tags": {},
            "tags_all": {}
          },
          "sensitive_attributes": [],
          "private": "bnVsbA=="
        }
      ]
    },
    {
      "mode": "managed",
      "type": "aws_dynamodb_table",
      "name": "files",
      "provider": "provider[\"registry.terraform.io/hashicorp/aws\"]",
      "instances": [
        {
          "schema_version": 1,
          "attributes": {
            "arn": "arn:aws:dynamodb:ap-northeast-1:320981266684:table/Files",
            "attribute": [
              {
                "name": "Attributes",
                "type": "S"
              },
              {
                "name": "FileKey",
                "type": "S"
              },
              {
                "name": "UserId",
                "type": "S"
              }
            ],
            "billing_mode": "PROVISIONED",
            "global_secondary_index": [
              {
                "hash_key": "Attributes",
                "name": "AttributesAndUserId",
                "non_key_attributes": [],
                "projection_type": "ALL",
                "range_key": "UserId",
                "read_capacity": 10,
                "write_capacity": 10
              }
            ],
            "hash_key": "FileKey",
            "id": "Files",
            "local_secondary_index": [],
            "name": "Files",
            "point_in_time_recovery": [
              {
                "enabled": false
              }
            ],
            "range_key": "UserId",
            "read_capacity": 1,
            "replica": [],
            "server_side_encryption": [],
            "stream_arn": "arn:aws:dynamodb:ap-northeast-1:320981266684:table/Files/stream/2021-05-03T09:09:06.788",
            "stream_enabled": true,
            "stream_label": "2021-05-03T09:09:06.788",
            "stream_view_type": "NEW_AND_OLD_IMAGES",
            "tags": {},
            "tags_all": {},
            "timeouts": null,
            "ttl": [
              {
                "attribute_name": "",
                "enabled": false,
                "kms_key_arn": ""
              }
            ],
            "write_capacity": 1
          },
          "sensitive_attributes": [],
          "private": "eyJlMmJmYjczMC1lY2FhLTExZTYtOGY4OC0zNDM2M2JjN2M0YzAiOnsiY3JlYXRlIjoxMjAwMDAwMDAwMDAwLCJkZWxldGUiOjYwMDAwMDAwMDAwMCwidXBkYXRlIjozNjAwMDAwMDAwMDAwfSwic2NoZW1hX3ZlcnNpb24iOiIxIn0="
        }
      ]
    },
    {
      "mode": "managed",
      "type": "aws_dynamodb_table",
      "name": "users",
      "provider": "provider[\"registry.terraform.io/hashicorp/aws\"]",
      "instances": [
        {
          "schema_version": 1,
          "attributes": {
            "arn": "arn:aws:dynamodb:ap-northeast-1:320981266684:table/Users",
            "attribute": [
              {
                "name": "Capacity",
                "type": "S"
              },
              {
                "name": "Email",
                "type": "S"
              },
              {
                "name": "GoogleId",
                "type": "S"
              },
              {
                "name": "SessionId",
                "type": "S"
              }
            ],
            "billing_mode": "PROVISIONED",
            "global_secondary_index": [
              {
                "hash_key": "Email",
                "name": "EmailAndCapacity",
                "non_key_attributes": [],
                "projection_type": "ALL",
                "range_key": "Capacity",
                "read_capacity": 10,
                "write_capacity": 10
              },
              {
                "hash_key": "SessionId",
                "name": "IndexSessionId",
                "non_key_attributes": [],
                "projection_type": "ALL",
                "range_key": "",
                "read_capacity": 10,
                "write_capacity": 10
              }
            ],
            "hash_key": "GoogleId",
            "id": "Users",
            "local_secondary_index": [],
            "name": "Users",
            "point_in_time_recovery": [
              {
                "enabled": false
              }
            ],
            "range_key": null,
            "read_capacity": 1,
            "replica": [],
            "server_side_encryption": [],
            "stream_arn": "arn:aws:dynamodb:ap-northeast-1:320981266684:table/Users/stream/2021-05-03T09:09:07.374",
            "stream_enabled": true,
            "stream_label": "2021-05-03T09:09:07.374",
            "stream_view_type": "NEW_AND_OLD_IMAGES",
            "tags": {},
            "tags_all": {},
            "timeouts": null,
            "ttl": [
              {
                "attribute_name": "",
                "enabled": false,
                "kms_key_arn": ""
              }
            ],
            "write_capacity": 1
          },
          "sensitive_attributes": [],
          "private": "eyJlMmJmYjczMC1lY2FhLTExZTYtOGY4OC0zNDM2M2JjN2M0YzAiOnsiY3JlYXRlIjoxMjAwMDAwMDAwMDAwLCJkZWxldGUiOjYwMDAwMDAwMDAwMCwidXBkYXRlIjozNjAwMDAwMDAwMDAwfSwic2NoZW1hX3ZlcnNpb24iOiIxIn0="
        }
      ]
    },
    {
      "mode": "managed",
      "type": "aws_iam_policy",
      "name": "lambda_logging",
      "provider": "provider[\"registry.terraform.io/hashicorp/aws\"]",
      "instances": [
        {
          "schema_version": 0,
          "attributes": {
            "arn": "arn:aws:iam::320981266684:policy/lambda_logging",
            "description": "IAM policy for logging from a lambda",
            "id": "arn:aws:iam::320981266684:policy/lambda_logging",
            "name": "lambda_logging",
            "name_prefix": null,
            "path": "/",
            "policy": "{\n  \"Version\": \"2012-10-17\",\n  \"Statement\": [\n    {\n      \"Action\": [\n        \"logs:CreateLogGroup\",\n        \"logs:CreateLogStream\",\n        \"logs:PutLogEvents\"\n      ],\n      \"Resource\": \"arn:aws:logs:*:*:*\",\n      \"Effect\": \"Allow\"\n    },\n    {\n      \"Sid\": \"ReadWriteTable\",\n      \"Action\": [\n        \"dynamodb:BatchGetItem\",\n        \"dynamodb:GetItem\",\n        \"dynamodb:Query\",\n        \"dynamodb:Scan\",\n        \"dynamodb:BatchWriteItem\",\n        \"dynamodb:PutItem\",\n        \"dynamodb:UpdateItem\",\n        \"dynamodb:DeleteItem\"\n      ],\n      \"Resource\": \"arn:aws:dynamodb:*:*:table/*\",\n      \"Effect\": \"Allow\"\n    },\n    {\n      \"Sid\": \"GetStreamRecords\",\n      \"Action\": \"dynamodb:GetRecords\",\n      \"Resource\": \"arn:aws:dynamodb:*:*:table/*/stream/*\",\n      \"Effect\": \"Allow\"\n    }\n  ]\n}\n",
            "policy_id": "ANPAUVO7ZOD6MGXTJT6DL",
            "tags": {},
            "tags_all": {}
          },
          "sensitive_attributes": [],
          "private": "bnVsbA=="
        }
      ]
    },
    {
      "mode": "managed",
      "type": "aws_iam_policy",
      "name": "lambda_policy",
      "provider": "provider[\"registry.terraform.io/hashicorp/aws\"]",
      "instances": [
        {
          "schema_version": 0,
          "attributes": {
            "arn": "arn:aws:iam::320981266684:policy/LambdaFileStorageFunctionExecutionPolicy",
            "description": "",
            "id": "arn:aws:iam::320981266684:policy/LambdaFileStorageFunctionExecutionPolicy",
            "name": "LambdaFileStorageFunctionExecutionPolicy",
            "name_prefix": null,
            "path": "/",
            "policy": "{\n  \"Version\": \"2012-10-17\",\n  \"Statement\": [\n    {\n      \"Sid\": \"\",\n      \"Effect\": \"Allow\",\n      \"Action\": [\n        \"logs:CreateLogGroup\",\n        \"logs:CreateLogStream\",\n        \"logs:PutLogEvents\"\n      ],\n      \"Resource\": \"*\"\n    },\n    {\n      \"Sid\": \"\",\n      \"Effect\": \"Allow\",\n      \"Action\": \"*\",\n      \"Resource\": \"*\"\n    }\n  ]\n}",
            "policy_id": "ANPAUVO7ZOD6D3JAYRK7E",
            "tags": {},
            "tags_all": {}
          },
          "sensitive_attributes": [],
          "private": "bnVsbA==",
          "dependencies": [
            "data.aws_iam_policy.lambda_basic_execution",
            "data.aws_iam_policy_document.lambda_policy"
          ]
        }
      ]
    },
    {
      "mode": "managed",
      "type": "aws_iam_role",
      "name": "iam_for_lambda",
      "provider": "provider[\"registry.terraform.io/hashicorp/aws\"]",
      "instances": [
        {
          "schema_version": 0,
          "attributes": {
            "arn": "arn:aws:iam::320981266684:role/iam_for_lambda",
            "assume_role_policy": "{\"Version\":\"2012-10-17\",\"Statement\":[{\"Sid\":\"\",\"Effect\":\"Allow\",\"Principal\":{\"Service\":\"lambda.amazonaws.com\"},\"Action\":\"sts:AssumeRole\"}]}",
            "create_date": "2021-05-04T11:26:07Z",
            "description": "",
            "force_detach_policies": false,
            "id": "iam_for_lambda",
            "inline_policy": [
              {
                "name": "",
                "policy": ""
              }
            ],
            "managed_policy_arns": [
              "arn:aws:iam::320981266684:policy/lambda_logging"
            ],
            "max_session_duration": 3600,
            "name": "iam_for_lambda",
            "name_prefix": null,
            "path": "/",
            "permissions_boundary": null,
            "tags": {},
            "tags_all": {},
            "unique_id": "AROAUVO7ZOD6JAVTKCLXP"
          },
          "sensitive_attributes": [],
          "private": "bnVsbA=="
        }
      ]
    },
    {
      "mode": "managed",
      "type": "aws_iam_role",
      "name": "lambda_role",
      "provider": "provider[\"registry.terraform.io/hashicorp/aws\"]",
      "instances": [
        {
          "schema_version": 0,
          "attributes": {
            "arn": "arn:aws:iam::320981266684:role/LambdaFileStorageFunctionExecutionRole",
            "assume_role_policy": "{\"Version\":\"2012-10-17\",\"Statement\":[{\"Sid\":\"\",\"Effect\":\"Allow\",\"Principal\":{\"Service\":\"lambda.amazonaws.com\"},\"Action\":\"sts:AssumeRole\"}]}",
            "create_date": "2021-05-03T13:46:01Z",
            "description": "",
            "force_detach_policies": false,
            "id": "LambdaFileStorageFunctionExecutionRole",
            "inline_policy": [
              {
                "name": "DynamodbStream",
                "policy": "{\n  \"Version\": \"2012-10-17\",\n  \"Statement\": [\n    {\n      \"Sid\": \"\",\n      \"Effect\": \"Allow\",\n      \"Action\": [\n        \"dynamodb:ListStreams\",\n        \"dynamodb:GetShardIterator\",\n        \"dynamodb:GetRecords\",\n        \"dynamodb:DescribeStream\"\n      ],\n      \"Resource\": \"*\"\n    }\n  ]\n}"
              }
            ],
            "managed_policy_arns": [
              "arn:aws:iam::320981266684:policy/LambdaFileStorageFunctionExecutionPolicy"
            ],
            "max_session_duration": 3600,
            "name": "LambdaFileStorageFunctionExecutionRole",
            "name_prefix": null,
            "path": "/",
            "permissions_boundary": null,
            "tags": {},
            "tags_all": {},
            "unique_id": "AROAUVO7ZOD6L5USACDTI"
          },
          "sensitive_attributes": [],
          "private": "bnVsbA==",
          "dependencies": [
            "data.aws_iam_policy_document.assume_role"
          ]
        }
      ]
    },
    {
      "mode": "managed",
      "type": "aws_iam_role_policy",
      "name": "dynamodb_stream",
      "provider": "provider[\"registry.terraform.io/hashicorp/aws\"]",
      "instances": [
        {
          "schema_version": 0,
          "attributes": {
            "id": "LambdaFileStorageFunctionExecutionRole:DynamodbStream",
            "name": "DynamodbStream",
            "name_prefix": null,
            "policy": "{\n  \"Version\": \"2012-10-17\",\n  \"Statement\": [\n    {\n      \"Sid\": \"\",\n      \"Effect\": \"Allow\",\n      \"Action\": [\n        \"dynamodb:ListStreams\",\n        \"dynamodb:GetShardIterator\",\n        \"dynamodb:GetRecords\",\n        \"dynamodb:DescribeStream\"\n      ],\n      \"Resource\": \"*\"\n    }\n  ]\n}",
            "role": "LambdaFileStorageFunctionExecutionRole"
          },
          "sensitive_attributes": [],
          "private": "bnVsbA==",
          "dependencies": [
            "aws_iam_role.lambda_role",
            "data.aws_iam_policy_document.assume_role",
            "data.aws_iam_policy_document.dynamodb_policy"
          ]
        }
      ]
    },
    {
      "mode": "managed",
      "type": "aws_iam_role_policy_attachment",
      "name": "lambda_logs",
      "provider": "provider[\"registry.terraform.io/hashicorp/aws\"]",
      "instances": [
        {
          "schema_version": 0,
          "attributes": {
            "id": "iam_for_lambda-20210504112611061900000001",
            "policy_arn": "arn:aws:iam::320981266684:policy/lambda_logging",
            "role": "iam_for_lambda"
          },
          "sensitive_attributes": [],
          "private": "bnVsbA==",
          "dependencies": [
            "aws_iam_policy.lambda_logging",
            "aws_iam_role.iam_for_lambda"
          ]
        }
      ]
    },
    {
      "mode": "managed",
      "type": "aws_iam_role_policy_attachment",
      "name": "lambda_policy",
      "provider": "provider[\"registry.terraform.io/hashicorp/aws\"]",
      "instances": [
        {
          "schema_version": 0,
          "attributes": {
            "id": "LambdaFileStorageFunctionExecutionRole-20210503134604583100000001",
            "policy_arn": "arn:aws:iam::320981266684:policy/LambdaFileStorageFunctionExecutionPolicy",
            "role": "LambdaFileStorageFunctionExecutionRole"
          },
          "sensitive_attributes": [],
          "private": "bnVsbA==",
          "dependencies": [
            "aws_iam_policy.lambda_policy",
            "aws_iam_role.lambda_role",
            "data.aws_iam_policy.lambda_basic_execution",
            "data.aws_iam_policy_document.assume_role",
            "data.aws_iam_policy_document.lambda_policy"
          ]
        }
      ]
    },
    {
      "mode": "managed",
      "type": "aws_route53_record",
      "name": "api",
      "provider": "provider[\"registry.terraform.io/hashicorp/aws\"]",
      "instances": [
        {
          "schema_version": 2,
          "attributes": {
            "alias": [
              {
                "evaluate_target_health": true,
                "name": "d-xlz6fpcqjk.execute-api.ap-northeast-1.amazonaws.com",
                "zone_id": "Z1YSHQZHG15GKL"
              }
            ],
            "allow_overwrite": null,
            "failover_routing_policy": [],
            "fqdn": "api.experiment-lab.link",
            "geolocation_routing_policy": [],
            "health_check_id": "",
            "id": "Z05006521RFED8PCJ8B80_api.experiment-lab.link_A",
            "latency_routing_policy": [],
            "multivalue_answer_routing_policy": null,
            "name": "api.experiment-lab.link",
            "records": [],
            "set_identifier": "",
            "ttl": 0,
            "type": "A",
            "weighted_routing_policy": [],
            "zone_id": "Z05006521RFED8PCJ8B80"
          },
          "sensitive_attributes": [],
          "private": "eyJzY2hlbWFfdmVyc2lvbiI6IjIifQ==",
          "dependencies": [
            "aws_acm_certificate.current",
            "aws_acm_certificate_validation.current",
            "aws_api_gateway_domain_name.current",
            "aws_route53_record.current",
            "aws_route53_record.current_certificate",
            "data.aws_route53_zone.current"
          ]
        }
      ]
    },
    {
      "mode": "managed",
      "type": "aws_route53_record",
      "name": "current",
      "provider": "provider[\"registry.terraform.io/hashicorp/aws\"]",
      "instances": [
        {
          "schema_version": 2,
          "attributes": {
            "alias": [
              {
                "evaluate_target_health": false,
                "name": "d225ihtll6mnsj.cloudfront.net",
                "zone_id": "Z2FDTNDATAQYW2"
              }
            ],
            "allow_overwrite": null,
            "failover_routing_policy": [],
            "fqdn": "experiment-lab.link",
            "geolocation_routing_policy": [],
            "health_check_id": "",
            "id": "Z05006521RFED8PCJ8B80_experiment-lab.link_A",
            "latency_routing_policy": [],
            "multivalue_answer_routing_policy": null,
            "name": "experiment-lab.link",
            "records": [],
            "set_identifier": "",
            "ttl": 0,
            "type": "A",
            "weighted_routing_policy": [],
            "zone_id": "Z05006521RFED8PCJ8B80"
          },
          "sensitive_attributes": [],
          "private": "eyJzY2hlbWFfdmVyc2lvbiI6IjIifQ==",
          "dependencies": [
            "data.aws_route53_zone.current"
          ],
          "create_before_destroy": true
        }
      ]
    },
    {
      "mode": "managed",
      "type": "aws_route53_record",
      "name": "current_certificate",
      "provider": "provider[\"registry.terraform.io/hashicorp/aws\"]",
      "instances": [
        {
          "index_key": "api.experiment-lab.link",
          "schema_version": 2,
          "attributes": {
            "alias": [],
            "allow_overwrite": null,
            "failover_routing_policy": [],
            "fqdn": "_09ba0330bc9748a1078ec3c89e5c535d.api.experiment-lab.link",
            "geolocation_routing_policy": [],
            "health_check_id": "",
            "id": "Z05006521RFED8PCJ8B80__09ba0330bc9748a1078ec3c89e5c535d.api.experiment-lab.link._CNAME",
            "latency_routing_policy": [],
            "multivalue_answer_routing_policy": null,
            "name": "_09ba0330bc9748a1078ec3c89e5c535d.api.experiment-lab.link",
            "records": [
              "_dceae70268318767373dc09ec9aad669.zzxlnyslwt.acm-validations.aws."
            ],
            "set_identifier": "",
            "ttl": 60,
            "type": "CNAME",
            "weighted_routing_policy": [],
            "zone_id": "Z05006521RFED8PCJ8B80"
          },
          "sensitive_attributes": [],
          "private": "eyJzY2hlbWFfdmVyc2lvbiI6IjIifQ==",
          "dependencies": [
            "aws_acm_certificate.current",
            "aws_route53_record.current",
            "data.aws_route53_zone.current"
          ]
        },
        {
          "index_key": "experiment-lab.link",
          "schema_version": 2,
          "attributes": {
            "alias": [],
            "allow_overwrite": null,
            "failover_routing_policy": [],
            "fqdn": "_4075d93759bcf38f4bc92658da690ff3.experiment-lab.link",
            "geolocation_routing_policy": [],
            "health_check_id": "",
            "id": "Z05006521RFED8PCJ8B80__4075d93759bcf38f4bc92658da690ff3.experiment-lab.link._CNAME",
            "latency_routing_policy": [],
            "multivalue_answer_routing_policy": null,
            "name": "_4075d93759bcf38f4bc92658da690ff3.experiment-lab.link",
            "records": [
              "_b5ab94500f6361b33eb6cc0dd3917674.zzxlnyslwt.acm-validations.aws."
            ],
            "set_identifier": "",
            "ttl": 60,
            "type": "CNAME",
            "weighted_routing_policy": [],
            "zone_id": "Z05006521RFED8PCJ8B80"
          },
          "sensitive_attributes": [],
          "private": "eyJzY2hlbWFfdmVyc2lvbiI6IjIifQ==",
          "dependencies": [
            "aws_acm_certificate.current",
            "aws_route53_record.current",
            "data.aws_route53_zone.current"
          ]
        }
      ]
    },
    {
      "mode": "managed",
      "type": "aws_s3_bucket",
      "name": "public",
      "provider": "provider[\"registry.terraform.io/hashicorp/aws\"]",
      "instances": [
        {
          "schema_version": 0,
          "attributes": {
            "acceleration_status": "",
            "acl": "public-read",
            "arn": "arn:aws:s3:::public-production-filestorage",
            "bucket": "public-production-filestorage",
            "bucket_domain_name": "public-production-filestorage.s3.amazonaws.com",
            "bucket_prefix": null,
            "bucket_regional_domain_name": "public-production-filestorage.s3.ap-northeast-1.amazonaws.com",
            "cors_rule": [
              {
                "allowed_headers": [
                  "*"
                ],
                "allowed_methods": [
                  "GET",
                  "PUT"
                ],
                "allowed_origins": [
                  "https://experiment-lab.link",
                  "https://api.experiment-lab.link"
                ],
                "expose_headers": [],
                "max_age_seconds": 300
              }
            ],
            "force_destroy": false,
            "grant": [],
            "hosted_zone_id": "Z2M4EHUR26P7ZW",
            "id": "public-production-filestorage",
            "lifecycle_rule": [],
            "logging": [],
            "object_lock_configuration": [],
            "policy": null,
            "region": "ap-northeast-1",
            "replication_configuration": [],
            "request_payer": "BucketOwner",
            "server_side_encryption_configuration": [],
            "tags": {
              "Name": "production"
            },
            "tags_all": {
              "Name": "production"
            },
            "versioning": [
              {
                "enabled": false,
                "mfa_delete": false
              }
            ],
            "website": [],
            "website_domain": "",
            "website_endpoint": ""
          },
          "sensitive_attributes": [],
          "private": "bnVsbA=="
        }
      ]
    },
    {
      "mode": "managed",
      "type": "aws_s3_bucket_policy",
      "name": "public",
      "provider": "provider[\"registry.terraform.io/hashicorp/aws\"]",
      "instances": [
        {
          "schema_version": 0,
          "attributes": {
            "bucket": "public-production-filestorage",
            "id": "public-production-filestorage",
            "policy": "{\"Version\":\"2012-10-17\",\"Statement\":[{\"Sid\":\"\",\"Effect\":\"Allow\",\"Principal\":\"*\",\"Action\":[\"s3:PutObject\",\"s3:ListBucket\",\"s3:GetObject\",\"s3:DeleteObject\"],\"Resource\":[\"arn:aws:s3:::public-production-filestorage/*\",\"arn:aws:s3:::public-production-filestorage\"]}]}"
          },
          "sensitive_attributes": [],
          "private": "bnVsbA==",
          "dependencies": [
            "aws_s3_bucket.public",
            "data.aws_iam_policy_document.public"
          ]
        }
      ]
    },
    {
      "module": "module.authorization",
      "mode": "data",
      "type": "archive_file",
      "name": "function_source",
      "provider": "provider[\"registry.terraform.io/hashicorp/archive\"]",
      "instances": [
        {
          "schema_version": 0,
          "attributes": {
            "excludes": null,
            "id": "9b892579fbb6da7aa76c1db12e256e1092590b8d",
            "output_base64sha256": "ClFoLSF/ZMHcOvmAt8hSapak2eU/7fj+mrAj+0E6wps=",
            "output_md5": "2bb4fa087ea775254cb246bc990e5666",
            "output_path": "./zip/authorization.zip",
            "output_sha": "9b892579fbb6da7aa76c1db12e256e1092590b8d",
            "output_size": 7535,
            "source": [],
            "source_content": null,
            "source_content_filename": null,
            "source_dir": "../backend/functions",
            "source_file": null,
            "type": "zip"
          },
          "sensitive_attributes": []
        }
      ]
    },
    {
      "module": "module.authorization",
      "mode": "managed",
      "type": "aws_api_gateway_integration",
      "name": "current",
      "provider": "provider[\"registry.terraform.io/hashicorp/aws\"]",
      "instances": [
        {
          "schema_version": 0,
          "attributes": {
            "cache_key_parameters": [],
            "cache_namespace": "cizfbx",
            "connection_id": "",
            "connection_type": "INTERNET",
            "content_handling": "",
            "credentials": "",
            "http_method": "GET",
            "id": "agi-u2q24vtiua-cizfbx-GET",
            "integration_http_method": "POST",
            "passthrough_behavior": "WHEN_NO_MATCH",
            "request_parameters": {},
            "request_templates": {},
            "resource_id": "cizfbx",
            "rest_api_id": "u2q24vtiua",
            "timeout_milliseconds": 29000,
            "tls_config": [],
            "type": "AWS_PROXY",
            "uri": "arn:aws:apigateway:ap-northeast-1:lambda:path/2015-03-31/functions/arn:aws:lambda:ap-northeast-1:320981266684:function:authorization/invocations"
          },
          "sensitive_attributes": [],
          "private": "bnVsbA==",
          "dependencies": [
            "aws_api_gateway_rest_api.current",
            "aws_cloudwatch_log_group.lambda_filestorage",
            "aws_iam_policy.lambda_logging",
            "aws_iam_role.iam_for_lambda",
            "aws_iam_role_policy_attachment.lambda_logs",
            "module.authorization.aws_api_gateway_resource.current",
            "module.authorization.aws_lambda_function.current",
            "module.authorization.data.archive_file.function_source"
          ]
        }
      ]
    },
    {
      "module": "module.authorization",
      "mode": "managed",
      "type": "aws_api_gateway_integration",
      "name": "options",
      "provider": "provider[\"registry.terraform.io/hashicorp/aws\"]",
      "instances": [
        {
          "schema_version": 0,
          "attributes": {
            "cache_key_parameters": [],
            "cache_namespace": "cizfbx",
            "connection_id": "",
            "connection_type": "INTERNET",
            "content_handling": "",
            "credentials": "",
            "http_method": "OPTIONS",
            "id": "agi-u2q24vtiua-cizfbx-OPTIONS",
            "integration_http_method": "",
            "passthrough_behavior": "WHEN_NO_MATCH",
            "request_parameters": {},
            "request_templates": {
              "application/json": "{\n  \"statusCode\": 200,\n  \"headers\": {\n    \"Access-Control-Allow-Headers\": \"Content-Type,X-Amz-Date,Authorization,X-Api-Key,X-Amz-Security-Token,Cookie\",\n    \"Access-Control-Allow-Origin\": \"https://experiment-lab.link\",\n    \"Access-Control-Allow-Credentials\": \"true\",\n    \"Access-Control-Allow-Methods\": \"GET,OPTIONS,POST,PUT,DELETE,PATCH\"\n  }\n}\n"
            },
            "resource_id": "cizfbx",
            "rest_api_id": "u2q24vtiua",
            "timeout_milliseconds": 29000,
            "tls_config": [],
            "type": "MOCK",
            "uri": ""
          },
          "sensitive_attributes": [],
          "private": "bnVsbA==",
          "dependencies": [
            "aws_api_gateway_rest_api.current",
            "module.authorization.aws_api_gateway_method.options",
            "module.authorization.aws_api_gateway_resource.current"
          ]
        }
      ]
    },
    {
      "module": "module.authorization",
      "mode": "managed",
      "type": "aws_api_gateway_integration_response",
      "name": "current",
      "provider": "provider[\"registry.terraform.io/hashicorp/aws\"]",
      "instances": [
        {
          "schema_version": 0,
          "attributes": {
            "content_handling": "",
            "http_method": "OPTIONS",
            "id": "agir-u2q24vtiua-cizfbx-OPTIONS-200",
            "resource_id": "cizfbx",
            "response_parameters": {
              "method.response.header.Access-Control-Allow-Credentials": "'true'",
              "method.response.header.Access-Control-Allow-Headers": "'Content-Type,X-Amz-Date,Authorization,X-Api-Key,X-Amz-Security-Token,Cookie'",
              "method.response.header.Access-Control-Allow-Methods": "'GET,OPTIONS,POST,PUT,DELETE,PATCH'",
              "method.response.header.Access-Control-Allow-Origin": "'https://experiment-lab.link'"
            },
            "response_templates": {},
            "rest_api_id": "u2q24vtiua",
            "selection_pattern": ".*\"status\":200.*",
            "status_code": "200"
          },
          "sensitive_attributes": [],
          "private": "bnVsbA==",
          "dependencies": [
            "aws_api_gateway_rest_api.current",
            "module.authorization.aws_api_gateway_method.current",
            "module.authorization.aws_api_gateway_method.options",
            "module.authorization.aws_api_gateway_method_response.current",
            "module.authorization.aws_api_gateway_resource.current"
          ]
        }
      ]
    },
    {
      "module": "module.authorization",
      "mode": "managed",
      "type": "aws_api_gateway_integration_response",
      "name": "current_302",
      "provider": "provider[\"registry.terraform.io/hashicorp/aws\"]",
      "instances": [
        {
          "schema_version": 0,
          "attributes": {
            "content_handling": "",
            "http_method": "GET",
            "id": "agir-u2q24vtiua-cizfbx-GET-302",
            "resource_id": "cizfbx",
            "response_parameters": {
              "method.response.header.Access-Control-Allow-Credentials": "'true'",
              "method.response.header.Access-Control-Allow-Headers": "'Content-Type,X-Amz-Date,Authorization,X-Api-Key,X-Amz-Security-Token,Cookie'",
              "method.response.header.Access-Control-Allow-Methods": "'GET,OPTIONS,POST,PUT,DELETE,PATCH'",
              "method.response.header.Access-Control-Allow-Origin": "'https://experiment-lab.link'"
            },
            "response_templates": {},
            "rest_api_id": "u2q24vtiua",
            "selection_pattern": ".*\"status\":302.*",
            "status_code": "302"
          },
          "sensitive_attributes": [],
          "private": "bnVsbA==",
          "dependencies": [
            "aws_api_gateway_rest_api.current",
            "module.authorization.aws_api_gateway_method.current",
            "module.authorization.aws_api_gateway_method_response.current_302",
            "module.authorization.aws_api_gateway_resource.current"
          ]
        }
      ]
    },
    {
      "module": "module.authorization",
      "mode": "managed",
      "type": "aws_api_gateway_integration_response",
      "name": "options",
      "provider": "provider[\"registry.terraform.io/hashicorp/aws\"]",
      "instances": [
        {
          "schema_version": 0,
          "attributes": {
            "content_handling": "",
            "http_method": "OPTIONS",
            "id": "agir-u2q24vtiua-cizfbx-OPTIONS-200",
            "resource_id": "cizfbx",
            "response_parameters": {
              "method.response.header.Access-Control-Allow-Credentials": "'true'",
              "method.response.header.Access-Control-Allow-Headers": "'Content-Type,X-Amz-Date,Authorization,X-Api-Key,X-Amz-Security-Token,Cookie'",
              "method.response.header.Access-Control-Allow-Methods": "'GET,OPTIONS,POST,PUT,DELETE,PATCH'",
              "method.response.header.Access-Control-Allow-Origin": "'https://experiment-lab.link'"
            },
            "response_templates": {},
            "rest_api_id": "u2q24vtiua",
            "selection_pattern": "",
            "status_code": "200"
          },
          "sensitive_attributes": [],
          "private": "bnVsbA==",
          "dependencies": [
            "aws_api_gateway_rest_api.current",
            "module.authorization.aws_api_gateway_method.options",
            "module.authorization.aws_api_gateway_method_response.options",
            "module.authorization.aws_api_gateway_resource.current"
          ]
        }
      ]
    },
    {
      "module": "module.authorization",
      "mode": "managed",
      "type": "aws_api_gateway_method",
      "name": "current",
      "provider": "provider[\"registry.terraform.io/hashicorp/aws\"]",
      "instances": [
        {
          "schema_version": 0,
          "attributes": {
            "api_key_required": false,
            "authorization": "NONE",
            "authorization_scopes": [],
            "authorizer_id": "",
            "http_method": "GET",
            "id": "agm-u2q24vtiua-cizfbx-GET",
            "operation_name": "",
            "request_models": {},
            "request_parameters": {},
            "request_validator_id": "",
            "resource_id": "cizfbx",
            "rest_api_id": "u2q24vtiua"
          },
          "sensitive_attributes": [],
          "private": "bnVsbA==",
          "dependencies": [
            "aws_api_gateway_rest_api.current",
            "module.authorization.aws_api_gateway_resource.current"
          ]
        }
      ]
    },
    {
      "module": "module.authorization",
      "mode": "managed",
      "type": "aws_api_gateway_method",
      "name": "options",
      "provider": "provider[\"registry.terraform.io/hashicorp/aws\"]",
      "instances": [
        {
          "schema_version": 0,
          "attributes": {
            "api_key_required": false,
            "authorization": "NONE",
            "authorization_scopes": [],
            "authorizer_id": "",
            "http_method": "OPTIONS",
            "id": "agm-u2q24vtiua-cizfbx-OPTIONS",
            "operation_name": "",
            "request_models": {},
            "request_parameters": {},
            "request_validator_id": "",
            "resource_id": "cizfbx",
            "rest_api_id": "u2q24vtiua"
          },
          "sensitive_attributes": [],
          "private": "bnVsbA==",
          "dependencies": [
            "aws_api_gateway_rest_api.current",
            "module.authorization.aws_api_gateway_resource.current"
          ]
        }
      ]
    },
    {
      "module": "module.authorization",
      "mode": "managed",
      "type": "aws_api_gateway_method_response",
      "name": "current",
      "provider": "provider[\"registry.terraform.io/hashicorp/aws\"]",
      "instances": [
        {
          "schema_version": 0,
          "attributes": {
            "http_method": "GET",
            "id": "agmr-u2q24vtiua-cizfbx-GET-200",
            "resource_id": "cizfbx",
            "response_models": {
              "application/json": "Empty"
            },
            "response_parameters": {
              "method.response.header.Access-Control-Allow-Credentials": true,
              "method.response.header.Access-Control-Allow-Headers": true,
              "method.response.header.Access-Control-Allow-Methods": true,
              "method.response.header.Access-Control-Allow-Origin": true
            },
            "rest_api_id": "u2q24vtiua",
            "status_code": "200"
          },
          "sensitive_attributes": [],
          "private": "bnVsbA==",
          "dependencies": [
            "aws_api_gateway_rest_api.current",
            "module.authorization.aws_api_gateway_method.current",
            "module.authorization.aws_api_gateway_resource.current"
          ]
        }
      ]
    },
    {
      "module": "module.authorization",
      "mode": "managed",
      "type": "aws_api_gateway_method_response",
      "name": "current_302",
      "provider": "provider[\"registry.terraform.io/hashicorp/aws\"]",
      "instances": [
        {
          "schema_version": 0,
          "attributes": {
            "http_method": "GET",
            "id": "agmr-u2q24vtiua-cizfbx-GET-302",
            "resource_id": "cizfbx",
            "response_models": {},
            "response_parameters": {
              "method.response.header.Location": true
            },
            "rest_api_id": "u2q24vtiua",
            "status_code": "302"
          },
          "sensitive_attributes": [],
          "private": "bnVsbA==",
          "dependencies": [
            "aws_api_gateway_rest_api.current",
            "module.authorization.aws_api_gateway_method.current",
            "module.authorization.aws_api_gateway_resource.current"
          ]
        }
      ]
    },
    {
      "module": "module.authorization",
      "mode": "managed",
      "type": "aws_api_gateway_method_response",
      "name": "options",
      "provider": "provider[\"registry.terraform.io/hashicorp/aws\"]",
      "instances": [
        {
          "schema_version": 0,
          "attributes": {
            "http_method": "OPTIONS",
            "id": "agmr-u2q24vtiua-cizfbx-OPTIONS-200",
            "resource_id": "cizfbx",
            "response_models": {
              "application/json": "Empty"
            },
            "response_parameters": {
              "method.response.header.Access-Control-Allow-Credentials": true,
              "method.response.header.Access-Control-Allow-Headers": true,
              "method.response.header.Access-Control-Allow-Methods": true,
              "method.response.header.Access-Control-Allow-Origin": true
            },
            "rest_api_id": "u2q24vtiua",
            "status_code": "200"
          },
          "sensitive_attributes": [],
          "private": "bnVsbA==",
          "dependencies": [
            "aws_api_gateway_rest_api.current",
            "module.authorization.aws_api_gateway_method.options",
            "module.authorization.aws_api_gateway_resource.current"
          ]
        }
      ]
    },
    {
      "module": "module.authorization",
      "mode": "managed",
      "type": "aws_api_gateway_resource",
      "name": "current",
      "provider": "provider[\"registry.terraform.io/hashicorp/aws\"]",
      "instances": [
        {
          "schema_version": 0,
          "attributes": {
            "id": "cizfbx",
            "parent_id": "x1roclyjj9",
            "path": "/authorization",
            "path_part": "authorization",
            "rest_api_id": "u2q24vtiua"
          },
          "sensitive_attributes": [],
          "private": "bnVsbA==",
          "dependencies": [
            "aws_api_gateway_rest_api.current"
          ]
        }
      ]
    },
    {
      "module": "module.authorization",
      "mode": "managed",
      "type": "aws_lambda_function",
      "name": "current",
      "provider": "provider[\"registry.terraform.io/hashicorp/aws\"]",
      "instances": [
        {
          "schema_version": 0,
          "attributes": {
            "arn": "arn:aws:lambda:ap-northeast-1:320981266684:function:authorization",
            "code_signing_config_arn": "",
            "dead_letter_config": [],
            "description": "",
            "environment": [
              {
                "variables": {
                  "ENV": "production"
                }
              }
            ],
            "file_system_config": [],
            "filename": "./zip/authorization.zip",
            "function_name": "authorization",
            "handler": "authorization.handler",
            "id": "authorization",
            "image_config": [],
            "image_uri": "",
            "invoke_arn": "arn:aws:apigateway:ap-northeast-1:lambda:path/2015-03-31/functions/arn:aws:lambda:ap-northeast-1:320981266684:function:authorization/invocations",
            "kms_key_arn": "",
            "last_modified": "2021-05-10T11:17:09.444+0000",
            "layers": [],
            "memory_size": 1024,
            "package_type": "Zip",
            "publish": false,
            "qualified_arn": "arn:aws:lambda:ap-northeast-1:320981266684:function:authorization:4",
            "reserved_concurrent_executions": 10,
            "role": "arn:aws:iam::320981266684:role/iam_for_lambda",
            "runtime": "ruby2.7",
            "s3_bucket": null,
            "s3_key": null,
            "s3_object_version": null,
            "signing_job_arn": "",
            "signing_profile_version_arn": "",
            "source_code_hash": "ClFoLSF/ZMHcOvmAt8hSapak2eU/7fj+mrAj+0E6wps=",
            "source_code_size": 7535,
            "tags": {},
            "tags_all": {},
            "timeout": 60,
            "timeouts": null,
            "tracing_config": [
              {
                "mode": "PassThrough"
              }
            ],
            "version": "4",
            "vpc_config": []
          },
          "sensitive_attributes": [],
          "private": "eyJlMmJmYjczMC1lY2FhLTExZTYtOGY4OC0zNDM2M2JjN2M0YzAiOnsiY3JlYXRlIjo2MDAwMDAwMDAwMDB9fQ==",
          "dependencies": [
            "aws_cloudwatch_log_group.lambda_filestorage",
            "aws_iam_role.iam_for_lambda",
            "aws_iam_role_policy_attachment.lambda_logs",
            "module.authorization.data.archive_file.function_source"
          ]
        }
      ]
    },
    {
      "module": "module.authorization",
      "mode": "managed",
      "type": "aws_lambda_permission",
      "name": "current",
      "provider": "provider[\"registry.terraform.io/hashicorp/aws\"]",
      "instances": [
        {
          "schema_version": 0,
          "attributes": {
            "action": "lambda:InvokeFunction",
            "event_source_token": null,
            "function_name": "authorization",
            "id": "AllowExecutionFromAPIGateway",
            "principal": "apigateway.amazonaws.com",
            "qualifier": "",
            "source_account": null,
            "source_arn": "arn:aws:execute-api:ap-northeast-1:320981266684:u2q24vtiua/*/*/*",
            "statement_id": "AllowExecutionFromAPIGateway",
            "statement_id_prefix": null
          },
          "sensitive_attributes": [],
          "private": "bnVsbA==",
          "dependencies": [
            "aws_api_gateway_rest_api.current",
            "aws_cloudwatch_log_group.lambda_filestorage",
            "aws_iam_policy.lambda_logging",
            "aws_iam_role.iam_for_lambda",
            "aws_iam_role_policy_attachment.lambda_logs",
            "module.authorization.aws_lambda_function.current",
            "module.authorization.data.archive_file.function_source"
          ]
        }
      ]
    },
    {
      "module": "module.download_file",
      "mode": "data",
      "type": "archive_file",
      "name": "function_source",
      "provider": "provider[\"registry.terraform.io/hashicorp/archive\"]",
      "instances": [
        {
          "schema_version": 0,
          "attributes": {
            "excludes": null,
            "id": "9b892579fbb6da7aa76c1db12e256e1092590b8d",
            "output_base64sha256": "ClFoLSF/ZMHcOvmAt8hSapak2eU/7fj+mrAj+0E6wps=",
            "output_md5": "2bb4fa087ea775254cb246bc990e5666",
            "output_path": "./zip/download_file.zip",
            "output_sha": "9b892579fbb6da7aa76c1db12e256e1092590b8d",
            "output_size": 7535,
            "source": [],
            "source_content": null,
            "source_content_filename": null,
            "source_dir": "../backend/functions",
            "source_file": null,
            "type": "zip"
          },
          "sensitive_attributes": []
        }
      ]
    },
    {
      "module": "module.download_file",
      "mode": "managed",
      "type": "aws_api_gateway_integration",
      "name": "current",
      "provider": "provider[\"registry.terraform.io/hashicorp/aws\"]",
      "instances": [
        {
          "schema_version": 0,
          "attributes": {
            "cache_key_parameters": [],
            "cache_namespace": "emfwl7",
            "connection_id": "",
            "connection_type": "INTERNET",
            "content_handling": "",
            "credentials": "",
            "http_method": "POST",
            "id": "agi-u2q24vtiua-emfwl7-POST",
            "integration_http_method": "POST",
            "passthrough_behavior": "WHEN_NO_MATCH",
            "request_parameters": {},
            "request_templates": {},
            "resource_id": "emfwl7",
            "rest_api_id": "u2q24vtiua",
            "timeout_milliseconds": 29000,
            "tls_config": [],
            "type": "AWS_PROXY",
            "uri": "arn:aws:apigateway:ap-northeast-1:lambda:path/2015-03-31/functions/arn:aws:lambda:ap-northeast-1:320981266684:function:download_file/invocations"
          },
          "sensitive_attributes": [],
          "private": "bnVsbA==",
          "dependencies": [
            "aws_api_gateway_rest_api.current",
            "aws_cloudwatch_log_group.lambda_filestorage",
            "aws_iam_policy.lambda_logging",
            "aws_iam_role.iam_for_lambda",
            "aws_iam_role_policy_attachment.lambda_logs",
            "module.download_file.aws_api_gateway_resource.current",
            "module.download_file.aws_lambda_function.current",
            "module.download_file.data.archive_file.function_source"
          ]
        }
      ]
    },
    {
      "module": "module.download_file",
      "mode": "managed",
      "type": "aws_api_gateway_integration",
      "name": "options",
      "provider": "provider[\"registry.terraform.io/hashicorp/aws\"]",
      "instances": [
        {
          "schema_version": 0,
          "attributes": {
            "cache_key_parameters": [],
            "cache_namespace": "emfwl7",
            "connection_id": "",
            "connection_type": "INTERNET",
            "content_handling": "",
            "credentials": "",
            "http_method": "OPTIONS",
            "id": "agi-u2q24vtiua-emfwl7-OPTIONS",
            "integration_http_method": "",
            "passthrough_behavior": "WHEN_NO_MATCH",
            "request_parameters": {},
            "request_templates": {
              "application/json": "{\n  \"statusCode\": 200,\n  \"headers\": {\n    \"Access-Control-Allow-Headers\": \"Content-Type,X-Amz-Date,Authorization,X-Api-Key,X-Amz-Security-Token,Cookie\",\n    \"Access-Control-Allow-Origin\": \"https://experiment-lab.link\",\n    \"Access-Control-Allow-Credentials\": \"true\",\n    \"Access-Control-Allow-Methods\": \"GET,OPTIONS,POST,PUT,DELETE,PATCH\"\n  }\n}\n"
            },
            "resource_id": "emfwl7",
            "rest_api_id": "u2q24vtiua",
            "timeout_milliseconds": 29000,
            "tls_config": [],
            "type": "MOCK",
            "uri": ""
          },
          "sensitive_attributes": [],
          "private": "bnVsbA==",
          "dependencies": [
            "aws_api_gateway_rest_api.current",
            "module.download_file.aws_api_gateway_method.options",
            "module.download_file.aws_api_gateway_resource.current"
          ]
        }
      ]
    },
    {
      "module": "module.download_file",
      "mode": "managed",
      "type": "aws_api_gateway_integration_response",
      "name": "current",
      "provider": "provider[\"registry.terraform.io/hashicorp/aws\"]",
      "instances": [
        {
          "schema_version": 0,
          "attributes": {
            "content_handling": "",
            "http_method": "OPTIONS",
            "id": "agir-u2q24vtiua-emfwl7-OPTIONS-200",
            "resource_id": "emfwl7",
            "response_parameters": {
              "method.response.header.Access-Control-Allow-Credentials": "'true'",
              "method.response.header.Access-Control-Allow-Headers": "'Content-Type,X-Amz-Date,Authorization,X-Api-Key,X-Amz-Security-Token,Cookie'",
              "method.response.header.Access-Control-Allow-Methods": "'GET,OPTIONS,POST,PUT,DELETE,PATCH'",
              "method.response.header.Access-Control-Allow-Origin": "'https://experiment-lab.link'"
            },
            "response_templates": {},
            "rest_api_id": "u2q24vtiua",
            "selection_pattern": ".*\"status\":200.*",
            "status_code": "200"
          },
          "sensitive_attributes": [],
          "private": "bnVsbA==",
          "dependencies": [
            "aws_api_gateway_rest_api.current",
            "module.download_file.aws_api_gateway_method.options",
            "module.download_file.aws_api_gateway_method_response.current",
            "module.download_file.aws_api_gateway_resource.current"
          ]
        }
      ]
    },
    {
      "module": "module.download_file",
      "mode": "managed",
      "type": "aws_api_gateway_integration_response",
      "name": "current_302",
      "provider": "provider[\"registry.terraform.io/hashicorp/aws\"]",
      "instances": [
        {
          "schema_version": 0,
          "attributes": {
            "content_handling": "",
            "http_method": "POST",
            "id": "agir-u2q24vtiua-emfwl7-POST-302",
            "resource_id": "emfwl7",
            "response_parameters": {
              "method.response.header.Access-Control-Allow-Credentials": "'true'",
              "method.response.header.Access-Control-Allow-Headers": "'Content-Type,X-Amz-Date,Authorization,X-Api-Key,X-Amz-Security-Token,Cookie'",
              "method.response.header.Access-Control-Allow-Methods": "'GET,OPTIONS,POST,PUT,DELETE,PATCH'",
              "method.response.header.Access-Control-Allow-Origin": "'https://experiment-lab.link'"
            },
            "response_templates": {},
            "rest_api_id": "u2q24vtiua",
            "selection_pattern": ".*\"status\":302.*",
            "status_code": "302"
          },
          "sensitive_attributes": [],
          "private": "bnVsbA==",
          "dependencies": [
            "aws_api_gateway_rest_api.current",
            "module.download_file.aws_api_gateway_method.current",
            "module.download_file.aws_api_gateway_method_response.current_302",
            "module.download_file.aws_api_gateway_resource.current"
          ]
        }
      ]
    },
    {
      "module": "module.download_file",
      "mode": "managed",
      "type": "aws_api_gateway_integration_response",
      "name": "options",
      "provider": "provider[\"registry.terraform.io/hashicorp/aws\"]",
      "instances": [
        {
          "schema_version": 0,
          "attributes": {
            "content_handling": "",
            "http_method": "OPTIONS",
            "id": "agir-u2q24vtiua-emfwl7-OPTIONS-200",
            "resource_id": "emfwl7",
            "response_parameters": {
              "method.response.header.Access-Control-Allow-Credentials": "'true'",
              "method.response.header.Access-Control-Allow-Headers": "'Content-Type,X-Amz-Date,Authorization,X-Api-Key,X-Amz-Security-Token,Cookie'",
              "method.response.header.Access-Control-Allow-Methods": "'GET,OPTIONS,POST,PUT,DELETE,PATCH'",
              "method.response.header.Access-Control-Allow-Origin": "'https://experiment-lab.link'"
            },
            "response_templates": {},
            "rest_api_id": "u2q24vtiua",
            "selection_pattern": "",
            "status_code": "200"
          },
          "sensitive_attributes": [],
          "private": "bnVsbA==",
          "dependencies": [
            "aws_api_gateway_rest_api.current",
            "module.download_file.aws_api_gateway_method.options",
            "module.download_file.aws_api_gateway_method_response.options",
            "module.download_file.aws_api_gateway_resource.current"
          ]
        }
      ]
    },
    {
      "module": "module.download_file",
      "mode": "managed",
      "type": "aws_api_gateway_method",
      "name": "current",
      "provider": "provider[\"registry.terraform.io/hashicorp/aws\"]",
      "instances": [
        {
          "schema_version": 0,
          "attributes": {
            "api_key_required": false,
            "authorization": "NONE",
            "authorization_scopes": [],
            "authorizer_id": "",
            "http_method": "POST",
            "id": "agm-u2q24vtiua-emfwl7-POST",
            "operation_name": "",
            "request_models": {},
            "request_parameters": {},
            "request_validator_id": "",
            "resource_id": "emfwl7",
            "rest_api_id": "u2q24vtiua"
          },
          "sensitive_attributes": [],
          "private": "bnVsbA==",
          "dependencies": [
            "aws_api_gateway_rest_api.current",
            "module.download_file.aws_api_gateway_resource.current"
          ]
        }
      ]
    },
    {
      "module": "module.download_file",
      "mode": "managed",
      "type": "aws_api_gateway_method",
      "name": "options",
      "provider": "provider[\"registry.terraform.io/hashicorp/aws\"]",
      "instances": [
        {
          "schema_version": 0,
          "attributes": {
            "api_key_required": false,
            "authorization": "NONE",
            "authorization_scopes": [],
            "authorizer_id": "",
            "http_method": "OPTIONS",
            "id": "agm-u2q24vtiua-emfwl7-OPTIONS",
            "operation_name": "",
            "request_models": {},
            "request_parameters": {},
            "request_validator_id": "",
            "resource_id": "emfwl7",
            "rest_api_id": "u2q24vtiua"
          },
          "sensitive_attributes": [],
          "private": "bnVsbA==",
          "dependencies": [
            "aws_api_gateway_rest_api.current",
            "module.download_file.aws_api_gateway_resource.current"
          ]
        }
      ]
    },
    {
      "module": "module.download_file",
      "mode": "managed",
      "type": "aws_api_gateway_method_response",
      "name": "current",
      "provider": "provider[\"registry.terraform.io/hashicorp/aws\"]",
      "instances": [
        {
          "schema_version": 0,
          "attributes": {
            "http_method": "POST",
            "id": "agmr-u2q24vtiua-emfwl7-POST-200",
            "resource_id": "emfwl7",
            "response_models": {
              "application/json": "Empty"
            },
            "response_parameters": {
              "method.response.header.Access-Control-Allow-Credentials": true,
              "method.response.header.Access-Control-Allow-Headers": true,
              "method.response.header.Access-Control-Allow-Methods": true,
              "method.response.header.Access-Control-Allow-Origin": true
            },
            "rest_api_id": "u2q24vtiua",
            "status_code": "200"
          },
          "sensitive_attributes": [],
          "private": "bnVsbA==",
          "dependencies": [
            "aws_api_gateway_rest_api.current",
            "module.download_file.aws_api_gateway_method.current",
            "module.download_file.aws_api_gateway_resource.current"
          ]
        }
      ]
    },
    {
      "module": "module.download_file",
      "mode": "managed",
      "type": "aws_api_gateway_method_response",
      "name": "current_302",
      "provider": "provider[\"registry.terraform.io/hashicorp/aws\"]",
      "instances": [
        {
          "schema_version": 0,
          "attributes": {
            "http_method": "POST",
            "id": "agmr-u2q24vtiua-emfwl7-POST-302",
            "resource_id": "emfwl7",
            "response_models": {},
            "response_parameters": {
              "method.response.header.Location": true
            },
            "rest_api_id": "u2q24vtiua",
            "status_code": "302"
          },
          "sensitive_attributes": [],
          "private": "bnVsbA==",
          "dependencies": [
            "aws_api_gateway_rest_api.current",
            "module.download_file.aws_api_gateway_method.current",
            "module.download_file.aws_api_gateway_resource.current"
          ]
        }
      ]
    },
    {
      "module": "module.download_file",
      "mode": "managed",
      "type": "aws_api_gateway_method_response",
      "name": "options",
      "provider": "provider[\"registry.terraform.io/hashicorp/aws\"]",
      "instances": [
        {
          "schema_version": 0,
          "attributes": {
            "http_method": "OPTIONS",
            "id": "agmr-u2q24vtiua-emfwl7-OPTIONS-200",
            "resource_id": "emfwl7",
            "response_models": {
              "application/json": "Empty"
            },
            "response_parameters": {
              "method.response.header.Access-Control-Allow-Credentials": true,
              "method.response.header.Access-Control-Allow-Headers": true,
              "method.response.header.Access-Control-Allow-Methods": true,
              "method.response.header.Access-Control-Allow-Origin": true
            },
            "rest_api_id": "u2q24vtiua",
            "status_code": "200"
          },
          "sensitive_attributes": [],
          "private": "bnVsbA==",
          "dependencies": [
            "aws_api_gateway_rest_api.current",
            "module.download_file.aws_api_gateway_method.options",
            "module.download_file.aws_api_gateway_resource.current"
          ]
        }
      ]
    },
    {
      "module": "module.download_file",
      "mode": "managed",
      "type": "aws_api_gateway_resource",
      "name": "current",
      "provider": "provider[\"registry.terraform.io/hashicorp/aws\"]",
      "instances": [
        {
          "schema_version": 0,
          "attributes": {
            "id": "emfwl7",
            "parent_id": "x1roclyjj9",
            "path": "/download_file",
            "path_part": "download_file",
            "rest_api_id": "u2q24vtiua"
          },
          "sensitive_attributes": [],
          "private": "bnVsbA==",
          "dependencies": [
            "aws_api_gateway_rest_api.current"
          ]
        }
      ]
    },
    {
      "module": "module.download_file",
      "mode": "managed",
      "type": "aws_lambda_function",
      "name": "current",
      "provider": "provider[\"registry.terraform.io/hashicorp/aws\"]",
      "instances": [
        {
          "schema_version": 0,
          "attributes": {
            "arn": "arn:aws:lambda:ap-northeast-1:320981266684:function:download_file",
            "code_signing_config_arn": "",
            "dead_letter_config": [],
            "description": "",
            "environment": [
              {
                "variables": {
                  "ENV": "production"
                }
              }
            ],
            "file_system_config": [],
            "filename": "./zip/download_file.zip",
            "function_name": "download_file",
            "handler": "download_file.handler",
            "id": "download_file",
            "image_config": [],
            "image_uri": "",
            "invoke_arn": "arn:aws:apigateway:ap-northeast-1:lambda:path/2015-03-31/functions/arn:aws:lambda:ap-northeast-1:320981266684:function:download_file/invocations",
            "kms_key_arn": "",
            "last_modified": "2021-05-10T11:17:10.160+0000",
            "layers": [],
            "memory_size": 1024,
            "package_type": "Zip",
            "publish": false,
            "qualified_arn": "arn:aws:lambda:ap-northeast-1:320981266684:function:download_file:4",
            "reserved_concurrent_executions": 10,
            "role": "arn:aws:iam::320981266684:role/iam_for_lambda",
            "runtime": "ruby2.7",
            "s3_bucket": null,
            "s3_key": null,
            "s3_object_version": null,
            "signing_job_arn": "",
            "signing_profile_version_arn": "",
            "source_code_hash": "ClFoLSF/ZMHcOvmAt8hSapak2eU/7fj+mrAj+0E6wps=",
            "source_code_size": 7535,
            "tags": {},
            "tags_all": {},
            "timeout": 60,
            "timeouts": null,
            "tracing_config": [
              {
                "mode": "PassThrough"
              }
            ],
            "version": "4",
            "vpc_config": []
          },
          "sensitive_attributes": [],
          "private": "eyJlMmJmYjczMC1lY2FhLTExZTYtOGY4OC0zNDM2M2JjN2M0YzAiOnsiY3JlYXRlIjo2MDAwMDAwMDAwMDB9fQ==",
          "dependencies": [
            "aws_cloudwatch_log_group.lambda_filestorage",
            "aws_iam_role.iam_for_lambda",
            "aws_iam_role_policy_attachment.lambda_logs",
            "module.download_file.data.archive_file.function_source"
          ]
        }
      ]
    },
    {
      "module": "module.download_file",
      "mode": "managed",
      "type": "aws_lambda_permission",
      "name": "current",
      "provider": "provider[\"registry.terraform.io/hashicorp/aws\"]",
      "instances": [
        {
          "schema_version": 0,
          "attributes": {
            "action": "lambda:InvokeFunction",
            "event_source_token": null,
            "function_name": "download_file",
            "id": "AllowExecutionFromAPIGateway",
            "principal": "apigateway.amazonaws.com",
            "qualifier": "",
            "source_account": null,
            "source_arn": "arn:aws:execute-api:ap-northeast-1:320981266684:u2q24vtiua/*/*/*",
            "statement_id": "AllowExecutionFromAPIGateway",
            "statement_id_prefix": null
          },
          "sensitive_attributes": [],
          "private": "bnVsbA==",
          "dependencies": [
            "aws_api_gateway_rest_api.current",
            "aws_cloudwatch_log_group.lambda_filestorage",
            "aws_iam_policy.lambda_logging",
            "aws_iam_role.iam_for_lambda",
            "aws_iam_role_policy_attachment.lambda_logs",
            "module.download_file.aws_lambda_function.current",
            "module.download_file.data.archive_file.function_source"
          ]
        }
      ]
    },
    {
      "module": "module.login",
      "mode": "data",
      "type": "archive_file",
      "name": "function_source",
      "provider": "provider[\"registry.terraform.io/hashicorp/archive\"]",
      "instances": [
        {
          "schema_version": 0,
          "attributes": {
            "excludes": null,
            "id": "9b892579fbb6da7aa76c1db12e256e1092590b8d",
            "output_base64sha256": "ClFoLSF/ZMHcOvmAt8hSapak2eU/7fj+mrAj+0E6wps=",
            "output_md5": "2bb4fa087ea775254cb246bc990e5666",
            "output_path": "./zip/login.zip",
            "output_sha": "9b892579fbb6da7aa76c1db12e256e1092590b8d",
            "output_size": 7535,
            "source": [],
            "source_content": null,
            "source_content_filename": null,
            "source_dir": "../backend/functions",
            "source_file": null,
            "type": "zip"
          },
          "sensitive_attributes": []
        }
      ]
    },
    {
      "module": "module.login",
      "mode": "managed",
      "type": "aws_api_gateway_integration",
      "name": "current",
      "provider": "provider[\"registry.terraform.io/hashicorp/aws\"]",
      "instances": [
        {
          "schema_version": 0,
          "attributes": {
            "cache_key_parameters": [],
            "cache_namespace": "r42dqw",
            "connection_id": "",
            "connection_type": "INTERNET",
            "content_handling": "",
            "credentials": "",
            "http_method": "GET",
            "id": "agi-u2q24vtiua-r42dqw-GET",
            "integration_http_method": "POST",
            "passthrough_behavior": "WHEN_NO_MATCH",
            "request_parameters": {},
            "request_templates": {},
            "resource_id": "r42dqw",
            "rest_api_id": "u2q24vtiua",
            "timeout_milliseconds": 29000,
            "tls_config": [],
            "type": "AWS_PROXY",
            "uri": "arn:aws:apigateway:ap-northeast-1:lambda:path/2015-03-31/functions/arn:aws:lambda:ap-northeast-1:320981266684:function:login/invocations"
          },
          "sensitive_attributes": [],
          "private": "bnVsbA==",
          "dependencies": [
            "aws_api_gateway_rest_api.current",
            "aws_cloudwatch_log_group.lambda_filestorage",
            "aws_iam_policy.lambda_logging",
            "aws_iam_role.iam_for_lambda",
            "aws_iam_role_policy_attachment.lambda_logs",
            "module.login.aws_api_gateway_resource.current",
            "module.login.aws_lambda_function.current",
            "module.login.data.archive_file.function_source"
          ]
        }
      ]
    },
    {
      "module": "module.login",
      "mode": "managed",
      "type": "aws_api_gateway_integration",
      "name": "options",
      "provider": "provider[\"registry.terraform.io/hashicorp/aws\"]",
      "instances": [
        {
          "schema_version": 0,
          "attributes": {
            "cache_key_parameters": [],
            "cache_namespace": "r42dqw",
            "connection_id": "",
            "connection_type": "INTERNET",
            "content_handling": "",
            "credentials": "",
            "http_method": "OPTIONS",
            "id": "agi-u2q24vtiua-r42dqw-OPTIONS",
            "integration_http_method": "",
            "passthrough_behavior": "WHEN_NO_MATCH",
            "request_parameters": {},
            "request_templates": {
              "application/json": "{\n  \"statusCode\": 200,\n  \"headers\": {\n    \"Access-Control-Allow-Headers\": \"Content-Type,X-Amz-Date,Authorization,X-Api-Key,X-Amz-Security-Token,Cookie\",\n    \"Access-Control-Allow-Origin\": \"https://experiment-lab.link\",\n    \"Access-Control-Allow-Credentials\": \"true\",\n    \"Access-Control-Allow-Methods\": \"GET,OPTIONS,POST,PUT,DELETE,PATCH\"\n  }\n}\n"
            },
            "resource_id": "r42dqw",
            "rest_api_id": "u2q24vtiua",
            "timeout_milliseconds": 29000,
            "tls_config": [],
            "type": "MOCK",
            "uri": ""
          },
          "sensitive_attributes": [],
          "private": "bnVsbA==",
          "dependencies": [
            "aws_api_gateway_rest_api.current",
            "module.login.aws_api_gateway_method.options",
            "module.login.aws_api_gateway_resource.current"
          ]
        }
      ]
    },
    {
      "module": "module.login",
      "mode": "managed",
      "type": "aws_api_gateway_integration_response",
      "name": "current",
      "provider": "provider[\"registry.terraform.io/hashicorp/aws\"]",
      "instances": [
        {
          "schema_version": 0,
          "attributes": {
            "content_handling": "",
            "http_method": "OPTIONS",
            "id": "agir-u2q24vtiua-r42dqw-OPTIONS-200",
            "resource_id": "r42dqw",
            "response_parameters": {
              "method.response.header.Access-Control-Allow-Credentials": "'true'",
              "method.response.header.Access-Control-Allow-Headers": "'Content-Type,X-Amz-Date,Authorization,X-Api-Key,X-Amz-Security-Token,Cookie'",
              "method.response.header.Access-Control-Allow-Methods": "'GET,OPTIONS,POST,PUT,DELETE,PATCH'",
              "method.response.header.Access-Control-Allow-Origin": "'https://experiment-lab.link'"
            },
            "response_templates": {},
            "rest_api_id": "u2q24vtiua",
            "selection_pattern": ".*\"status\":200.*",
            "status_code": "200"
          },
          "sensitive_attributes": [],
          "private": "bnVsbA==",
          "dependencies": [
            "aws_api_gateway_rest_api.current",
            "module.login.aws_api_gateway_method.options",
            "module.login.aws_api_gateway_method_response.current",
            "module.login.aws_api_gateway_resource.current"
          ]
        }
      ]
    },
    {
      "module": "module.login",
      "mode": "managed",
      "type": "aws_api_gateway_integration_response",
      "name": "current_302",
      "provider": "provider[\"registry.terraform.io/hashicorp/aws\"]",
      "instances": [
        {
          "schema_version": 0,
          "attributes": {
            "content_handling": "",
            "http_method": "GET",
            "id": "agir-u2q24vtiua-r42dqw-GET-302",
            "resource_id": "r42dqw",
            "response_parameters": {
              "method.response.header.Access-Control-Allow-Credentials": "'true'",
              "method.response.header.Access-Control-Allow-Headers": "'Content-Type,X-Amz-Date,Authorization,X-Api-Key,X-Amz-Security-Token,Cookie'",
              "method.response.header.Access-Control-Allow-Methods": "'GET,OPTIONS,POST,PUT,DELETE,PATCH'",
              "method.response.header.Access-Control-Allow-Origin": "'https://experiment-lab.link'"
            },
            "response_templates": {},
            "rest_api_id": "u2q24vtiua",
            "selection_pattern": ".*\"status\":302.*",
            "status_code": "302"
          },
          "sensitive_attributes": [],
          "private": "bnVsbA==",
          "dependencies": [
            "aws_api_gateway_rest_api.current",
            "module.login.aws_api_gateway_method.current",
            "module.login.aws_api_gateway_method_response.current_302",
            "module.login.aws_api_gateway_resource.current"
          ]
        }
      ]
    },
    {
      "module": "module.login",
      "mode": "managed",
      "type": "aws_api_gateway_integration_response",
      "name": "options",
      "provider": "provider[\"registry.terraform.io/hashicorp/aws\"]",
      "instances": [
        {
          "schema_version": 0,
          "attributes": {
            "content_handling": "",
            "http_method": "OPTIONS",
            "id": "agir-u2q24vtiua-r42dqw-OPTIONS-200",
            "resource_id": "r42dqw",
            "response_parameters": {
              "method.response.header.Access-Control-Allow-Credentials": "'true'",
              "method.response.header.Access-Control-Allow-Headers": "'Content-Type,X-Amz-Date,Authorization,X-Api-Key,X-Amz-Security-Token,Cookie'",
              "method.response.header.Access-Control-Allow-Methods": "'GET,OPTIONS,POST,PUT,DELETE,PATCH'",
              "method.response.header.Access-Control-Allow-Origin": "'https://experiment-lab.link'"
            },
            "response_templates": {},
            "rest_api_id": "u2q24vtiua",
            "selection_pattern": "",
            "status_code": "200"
          },
          "sensitive_attributes": [],
          "private": "bnVsbA==",
          "dependencies": [
            "aws_api_gateway_rest_api.current",
            "module.login.aws_api_gateway_method.options",
            "module.login.aws_api_gateway_method_response.options",
            "module.login.aws_api_gateway_resource.current"
          ]
        }
      ]
    },
    {
      "module": "module.login",
      "mode": "managed",
      "type": "aws_api_gateway_method",
      "name": "current",
      "provider": "provider[\"registry.terraform.io/hashicorp/aws\"]",
      "instances": [
        {
          "schema_version": 0,
          "attributes": {
            "api_key_required": false,
            "authorization": "NONE",
            "authorization_scopes": [],
            "authorizer_id": "",
            "http_method": "GET",
            "id": "agm-u2q24vtiua-r42dqw-GET",
            "operation_name": "",
            "request_models": {},
            "request_parameters": {},
            "request_validator_id": "",
            "resource_id": "r42dqw",
            "rest_api_id": "u2q24vtiua"
          },
          "sensitive_attributes": [],
          "private": "bnVsbA==",
          "dependencies": [
            "aws_api_gateway_rest_api.current",
            "module.login.aws_api_gateway_resource.current"
          ]
        }
      ]
    },
    {
      "module": "module.login",
      "mode": "managed",
      "type": "aws_api_gateway_method",
      "name": "options",
      "provider": "provider[\"registry.terraform.io/hashicorp/aws\"]",
      "instances": [
        {
          "schema_version": 0,
          "attributes": {
            "api_key_required": false,
            "authorization": "NONE",
            "authorization_scopes": [],
            "authorizer_id": "",
            "http_method": "OPTIONS",
            "id": "agm-u2q24vtiua-r42dqw-OPTIONS",
            "operation_name": "",
            "request_models": {},
            "request_parameters": {},
            "request_validator_id": "",
            "resource_id": "r42dqw",
            "rest_api_id": "u2q24vtiua"
          },
          "sensitive_attributes": [],
          "private": "bnVsbA==",
          "dependencies": [
            "aws_api_gateway_rest_api.current",
            "module.login.aws_api_gateway_resource.current"
          ]
        }
      ]
    },
    {
      "module": "module.login",
      "mode": "managed",
      "type": "aws_api_gateway_method_response",
      "name": "current",
      "provider": "provider[\"registry.terraform.io/hashicorp/aws\"]",
      "instances": [
        {
          "schema_version": 0,
          "attributes": {
            "http_method": "GET",
            "id": "agmr-u2q24vtiua-r42dqw-GET-200",
            "resource_id": "r42dqw",
            "response_models": {
              "application/json": "Empty"
            },
            "response_parameters": {
              "method.response.header.Access-Control-Allow-Credentials": true,
              "method.response.header.Access-Control-Allow-Headers": true,
              "method.response.header.Access-Control-Allow-Methods": true,
              "method.response.header.Access-Control-Allow-Origin": true
            },
            "rest_api_id": "u2q24vtiua",
            "status_code": "200"
          },
          "sensitive_attributes": [],
          "private": "bnVsbA==",
          "dependencies": [
            "aws_api_gateway_rest_api.current",
            "module.login.aws_api_gateway_method.current",
            "module.login.aws_api_gateway_resource.current"
          ]
        }
      ]
    },
    {
      "module": "module.login",
      "mode": "managed",
      "type": "aws_api_gateway_method_response",
      "name": "current_302",
      "provider": "provider[\"registry.terraform.io/hashicorp/aws\"]",
      "instances": [
        {
          "schema_version": 0,
          "attributes": {
            "http_method": "GET",
            "id": "agmr-u2q24vtiua-r42dqw-GET-302",
            "resource_id": "r42dqw",
            "response_models": {},
            "response_parameters": {
              "method.response.header.Location": true
            },
            "rest_api_id": "u2q24vtiua",
            "status_code": "302"
          },
          "sensitive_attributes": [],
          "private": "bnVsbA==",
          "dependencies": [
            "aws_api_gateway_rest_api.current",
            "module.login.aws_api_gateway_method.current",
            "module.login.aws_api_gateway_resource.current"
          ]
        }
      ]
    },
    {
      "module": "module.login",
      "mode": "managed",
      "type": "aws_api_gateway_method_response",
      "name": "options",
      "provider": "provider[\"registry.terraform.io/hashicorp/aws\"]",
      "instances": [
        {
          "schema_version": 0,
          "attributes": {
            "http_method": "OPTIONS",
            "id": "agmr-u2q24vtiua-r42dqw-OPTIONS-200",
            "resource_id": "r42dqw",
            "response_models": {
              "application/json": "Empty"
            },
            "response_parameters": {
              "method.response.header.Access-Control-Allow-Credentials": true,
              "method.response.header.Access-Control-Allow-Headers": true,
              "method.response.header.Access-Control-Allow-Methods": true,
              "method.response.header.Access-Control-Allow-Origin": true
            },
            "rest_api_id": "u2q24vtiua",
            "status_code": "200"
          },
          "sensitive_attributes": [],
          "private": "bnVsbA==",
          "dependencies": [
            "aws_api_gateway_rest_api.current",
            "module.login.aws_api_gateway_method.options",
            "module.login.aws_api_gateway_resource.current"
          ]
        }
      ]
    },
    {
      "module": "module.login",
      "mode": "managed",
      "type": "aws_api_gateway_resource",
      "name": "current",
      "provider": "provider[\"registry.terraform.io/hashicorp/aws\"]",
      "instances": [
        {
          "schema_version": 0,
          "attributes": {
            "id": "r42dqw",
            "parent_id": "x1roclyjj9",
            "path": "/login",
            "path_part": "login",
            "rest_api_id": "u2q24vtiua"
          },
          "sensitive_attributes": [],
          "private": "bnVsbA==",
          "dependencies": [
            "aws_api_gateway_rest_api.current"
          ]
        }
      ]
    },
    {
      "module": "module.login",
      "mode": "managed",
      "type": "aws_lambda_function",
      "name": "current",
      "provider": "provider[\"registry.terraform.io/hashicorp/aws\"]",
      "instances": [
        {
          "schema_version": 0,
          "attributes": {
            "arn": "arn:aws:lambda:ap-northeast-1:320981266684:function:login",
            "code_signing_config_arn": "",
            "dead_letter_config": [],
            "description": "",
            "environment": [
              {
                "variables": {
                  "ENV": "production"
                }
              }
            ],
            "file_system_config": [],
            "filename": "./zip/login.zip",
            "function_name": "login",
            "handler": "login.handler",
            "id": "login",
            "image_config": [],
            "image_uri": "",
            "invoke_arn": "arn:aws:apigateway:ap-northeast-1:lambda:path/2015-03-31/functions/arn:aws:lambda:ap-northeast-1:320981266684:function:login/invocations",
            "kms_key_arn": "",
            "last_modified": "2021-05-10T11:17:07.953+0000",
            "layers": [],
            "memory_size": 1024,
            "package_type": "Zip",
            "publish": false,
            "qualified_arn": "arn:aws:lambda:ap-northeast-1:320981266684:function:login:4",
            "reserved_concurrent_executions": 10,
            "role": "arn:aws:iam::320981266684:role/iam_for_lambda",
            "runtime": "ruby2.7",
            "s3_bucket": null,
            "s3_key": null,
            "s3_object_version": null,
            "signing_job_arn": "",
            "signing_profile_version_arn": "",
            "source_code_hash": "ClFoLSF/ZMHcOvmAt8hSapak2eU/7fj+mrAj+0E6wps=",
            "source_code_size": 7535,
            "tags": {},
            "tags_all": {},
            "timeout": 60,
            "timeouts": null,
            "tracing_config": [
              {
                "mode": "PassThrough"
              }
            ],
            "version": "4",
            "vpc_config": []
          },
          "sensitive_attributes": [],
          "private": "eyJlMmJmYjczMC1lY2FhLTExZTYtOGY4OC0zNDM2M2JjN2M0YzAiOnsiY3JlYXRlIjo2MDAwMDAwMDAwMDB9fQ==",
          "dependencies": [
            "aws_cloudwatch_log_group.lambda_filestorage",
            "aws_iam_role.iam_for_lambda",
            "aws_iam_role_policy_attachment.lambda_logs",
            "module.login.data.archive_file.function_source"
          ]
        }
      ]
    },
    {
      "module": "module.login",
      "mode": "managed",
      "type": "aws_lambda_permission",
      "name": "current",
      "provider": "provider[\"registry.terraform.io/hashicorp/aws\"]",
      "instances": [
        {
          "schema_version": 0,
          "attributes": {
            "action": "lambda:InvokeFunction",
            "event_source_token": null,
            "function_name": "login",
            "id": "AllowExecutionFromAPIGateway",
            "principal": "apigateway.amazonaws.com",
            "qualifier": "",
            "source_account": null,
            "source_arn": "arn:aws:execute-api:ap-northeast-1:320981266684:u2q24vtiua/*/*/*",
            "statement_id": "AllowExecutionFromAPIGateway",
            "statement_id_prefix": null
          },
          "sensitive_attributes": [],
          "private": "bnVsbA==",
          "dependencies": [
            "aws_api_gateway_rest_api.current",
            "aws_cloudwatch_log_group.lambda_filestorage",
            "aws_iam_policy.lambda_logging",
            "aws_iam_role.iam_for_lambda",
            "aws_iam_role_policy_attachment.lambda_logs",
            "module.login.aws_lambda_function.current",
            "module.login.data.archive_file.function_source"
          ]
        }
      ]
    },
    {
      "module": "module.oauth_google_callback",
      "mode": "data",
      "type": "archive_file",
      "name": "function_source",
      "provider": "provider[\"registry.terraform.io/hashicorp/archive\"]",
      "instances": [
        {
          "schema_version": 0,
          "attributes": {
            "excludes": null,
            "id": "9b892579fbb6da7aa76c1db12e256e1092590b8d",
            "output_base64sha256": "ClFoLSF/ZMHcOvmAt8hSapak2eU/7fj+mrAj+0E6wps=",
            "output_md5": "2bb4fa087ea775254cb246bc990e5666",
            "output_path": "./zip/oauth_google_callback.zip",
            "output_sha": "9b892579fbb6da7aa76c1db12e256e1092590b8d",
            "output_size": 7535,
            "source": [],
            "source_content": null,
            "source_content_filename": null,
            "source_dir": "../backend/functions",
            "source_file": null,
            "type": "zip"
          },
          "sensitive_attributes": []
        }
      ]
    },
    {
      "module": "module.oauth_google_callback",
      "mode": "managed",
      "type": "aws_api_gateway_integration",
      "name": "current",
      "provider": "provider[\"registry.terraform.io/hashicorp/aws\"]",
      "instances": [
        {
          "schema_version": 0,
          "attributes": {
            "cache_key_parameters": [],
            "cache_namespace": "qyex6l",
            "connection_id": "",
            "connection_type": "INTERNET",
            "content_handling": "",
            "credentials": "",
            "http_method": "GET",
            "id": "agi-u2q24vtiua-qyex6l-GET",
            "integration_http_method": "POST",
            "passthrough_behavior": "WHEN_NO_MATCH",
            "request_parameters": {},
            "request_templates": {},
            "resource_id": "qyex6l",
            "rest_api_id": "u2q24vtiua",
            "timeout_milliseconds": 29000,
            "tls_config": [],
            "type": "AWS_PROXY",
            "uri": "arn:aws:apigateway:ap-northeast-1:lambda:path/2015-03-31/functions/arn:aws:lambda:ap-northeast-1:320981266684:function:oauth_google_callback/invocations"
          },
          "sensitive_attributes": [],
          "private": "bnVsbA==",
          "dependencies": [
            "aws_api_gateway_rest_api.current",
            "aws_cloudwatch_log_group.lambda_filestorage",
            "aws_iam_policy.lambda_logging",
            "aws_iam_role.iam_for_lambda",
            "aws_iam_role_policy_attachment.lambda_logs",
            "module.oauth_google_callback.aws_api_gateway_resource.current",
            "module.oauth_google_callback.aws_lambda_function.current",
            "module.oauth_google_callback.data.archive_file.function_source"
          ]
        }
      ]
    },
    {
      "module": "module.oauth_google_callback",
      "mode": "managed",
      "type": "aws_api_gateway_integration",
      "name": "options",
      "provider": "provider[\"registry.terraform.io/hashicorp/aws\"]",
      "instances": [
        {
          "schema_version": 0,
          "attributes": {
            "cache_key_parameters": [],
            "cache_namespace": "qyex6l",
            "connection_id": "",
            "connection_type": "INTERNET",
            "content_handling": "",
            "credentials": "",
            "http_method": "OPTIONS",
            "id": "agi-u2q24vtiua-qyex6l-OPTIONS",
            "integration_http_method": "",
            "passthrough_behavior": "WHEN_NO_MATCH",
            "request_parameters": {},
            "request_templates": {
              "application/json": "{\n  \"statusCode\": 200,\n  \"headers\": {\n    \"Access-Control-Allow-Headers\": \"Content-Type,X-Amz-Date,Authorization,X-Api-Key,X-Amz-Security-Token,Cookie\",\n    \"Access-Control-Allow-Origin\": \"https://experiment-lab.link\",\n    \"Access-Control-Allow-Credentials\": \"true\",\n    \"Access-Control-Allow-Methods\": \"GET,OPTIONS,POST,PUT,DELETE,PATCH\"\n  }\n}\n"
            },
            "resource_id": "qyex6l",
            "rest_api_id": "u2q24vtiua",
            "timeout_milliseconds": 29000,
            "tls_config": [],
            "type": "MOCK",
            "uri": ""
          },
          "sensitive_attributes": [],
          "private": "bnVsbA==",
          "dependencies": [
            "aws_api_gateway_rest_api.current",
            "module.oauth_google_callback.aws_api_gateway_method.options",
            "module.oauth_google_callback.aws_api_gateway_resource.current"
          ]
        }
      ]
    },
    {
      "module": "module.oauth_google_callback",
      "mode": "managed",
      "type": "aws_api_gateway_integration_response",
      "name": "current",
      "provider": "provider[\"registry.terraform.io/hashicorp/aws\"]",
      "instances": [
        {
          "schema_version": 0,
          "attributes": {
            "content_handling": "",
            "http_method": "OPTIONS",
            "id": "agir-u2q24vtiua-qyex6l-OPTIONS-200",
            "resource_id": "qyex6l",
            "response_parameters": {
              "method.response.header.Access-Control-Allow-Credentials": "'true'",
              "method.response.header.Access-Control-Allow-Headers": "'Content-Type,X-Amz-Date,Authorization,X-Api-Key,X-Amz-Security-Token,Cookie'",
              "method.response.header.Access-Control-Allow-Methods": "'GET,OPTIONS,POST,PUT,DELETE,PATCH'",
              "method.response.header.Access-Control-Allow-Origin": "'https://experiment-lab.link'"
            },
            "response_templates": {},
            "rest_api_id": "u2q24vtiua",
            "selection_pattern": ".*\"status\":200.*",
            "status_code": "200"
          },
          "sensitive_attributes": [],
          "private": "bnVsbA==",
          "dependencies": [
            "aws_api_gateway_rest_api.current",
            "module.oauth_google_callback.aws_api_gateway_method.options",
            "module.oauth_google_callback.aws_api_gateway_method_response.current",
            "module.oauth_google_callback.aws_api_gateway_resource.current"
          ]
        }
      ]
    },
    {
      "module": "module.oauth_google_callback",
      "mode": "managed",
      "type": "aws_api_gateway_integration_response",
      "name": "current_302",
      "provider": "provider[\"registry.terraform.io/hashicorp/aws\"]",
      "instances": [
        {
          "schema_version": 0,
          "attributes": {
            "content_handling": "",
            "http_method": "GET",
            "id": "agir-u2q24vtiua-qyex6l-GET-302",
            "resource_id": "qyex6l",
            "response_parameters": {
              "method.response.header.Access-Control-Allow-Credentials": "'true'",
              "method.response.header.Access-Control-Allow-Headers": "'Content-Type,X-Amz-Date,Authorization,X-Api-Key,X-Amz-Security-Token,Cookie'",
              "method.response.header.Access-Control-Allow-Methods": "'GET,OPTIONS,POST,PUT,DELETE,PATCH'",
              "method.response.header.Access-Control-Allow-Origin": "'https://experiment-lab.link'"
            },
            "response_templates": {},
            "rest_api_id": "u2q24vtiua",
            "selection_pattern": ".*\"status\":302.*",
            "status_code": "302"
          },
          "sensitive_attributes": [],
          "private": "bnVsbA==",
          "dependencies": [
            "aws_api_gateway_rest_api.current",
            "module.oauth_google_callback.aws_api_gateway_method.current",
            "module.oauth_google_callback.aws_api_gateway_method_response.current_302",
            "module.oauth_google_callback.aws_api_gateway_resource.current"
          ]
        }
      ]
    },
    {
      "module": "module.oauth_google_callback",
      "mode": "managed",
      "type": "aws_api_gateway_integration_response",
      "name": "options",
      "provider": "provider[\"registry.terraform.io/hashicorp/aws\"]",
      "instances": [
        {
          "schema_version": 0,
          "attributes": {
            "content_handling": "",
            "http_method": "OPTIONS",
            "id": "agir-u2q24vtiua-qyex6l-OPTIONS-200",
            "resource_id": "qyex6l",
            "response_parameters": {
              "method.response.header.Access-Control-Allow-Credentials": "'true'",
              "method.response.header.Access-Control-Allow-Headers": "'Content-Type,X-Amz-Date,Authorization,X-Api-Key,X-Amz-Security-Token,Cookie'",
              "method.response.header.Access-Control-Allow-Methods": "'GET,OPTIONS,POST,PUT,DELETE,PATCH'",
              "method.response.header.Access-Control-Allow-Origin": "'https://experiment-lab.link'"
            },
            "response_templates": {},
            "rest_api_id": "u2q24vtiua",
            "selection_pattern": "",
            "status_code": "200"
          },
          "sensitive_attributes": [],
          "private": "bnVsbA==",
          "dependencies": [
            "aws_api_gateway_rest_api.current",
            "module.oauth_google_callback.aws_api_gateway_method.options",
            "module.oauth_google_callback.aws_api_gateway_method_response.options",
            "module.oauth_google_callback.aws_api_gateway_resource.current"
          ]
        }
      ]
    },
    {
      "module": "module.oauth_google_callback",
      "mode": "managed",
      "type": "aws_api_gateway_method",
      "name": "current",
      "provider": "provider[\"registry.terraform.io/hashicorp/aws\"]",
      "instances": [
        {
          "schema_version": 0,
          "attributes": {
            "api_key_required": false,
            "authorization": "NONE",
            "authorization_scopes": [],
            "authorizer_id": "",
            "http_method": "GET",
            "id": "agm-u2q24vtiua-qyex6l-GET",
            "operation_name": "",
            "request_models": {},
            "request_parameters": {},
            "request_validator_id": "",
            "resource_id": "qyex6l",
            "rest_api_id": "u2q24vtiua"
          },
          "sensitive_attributes": [],
          "private": "bnVsbA==",
          "dependencies": [
            "aws_api_gateway_rest_api.current",
            "module.oauth_google_callback.aws_api_gateway_resource.current"
          ]
        }
      ]
    },
    {
      "module": "module.oauth_google_callback",
      "mode": "managed",
      "type": "aws_api_gateway_method",
      "name": "options",
      "provider": "provider[\"registry.terraform.io/hashicorp/aws\"]",
      "instances": [
        {
          "schema_version": 0,
          "attributes": {
            "api_key_required": false,
            "authorization": "NONE",
            "authorization_scopes": [],
            "authorizer_id": "",
            "http_method": "OPTIONS",
            "id": "agm-u2q24vtiua-qyex6l-OPTIONS",
            "operation_name": "",
            "request_models": {},
            "request_parameters": {},
            "request_validator_id": "",
            "resource_id": "qyex6l",
            "rest_api_id": "u2q24vtiua"
          },
          "sensitive_attributes": [],
          "private": "bnVsbA==",
          "dependencies": [
            "aws_api_gateway_rest_api.current",
            "module.oauth_google_callback.aws_api_gateway_resource.current"
          ]
        }
      ]
    },
    {
      "module": "module.oauth_google_callback",
      "mode": "managed",
      "type": "aws_api_gateway_method_response",
      "name": "current",
      "provider": "provider[\"registry.terraform.io/hashicorp/aws\"]",
      "instances": [
        {
          "schema_version": 0,
          "attributes": {
            "http_method": "GET",
            "id": "agmr-u2q24vtiua-qyex6l-GET-200",
            "resource_id": "qyex6l",
            "response_models": {
              "application/json": "Empty"
            },
            "response_parameters": {
              "method.response.header.Access-Control-Allow-Credentials": true,
              "method.response.header.Access-Control-Allow-Headers": true,
              "method.response.header.Access-Control-Allow-Methods": true,
              "method.response.header.Access-Control-Allow-Origin": true
            },
            "rest_api_id": "u2q24vtiua",
            "status_code": "200"
          },
          "sensitive_attributes": [],
          "private": "bnVsbA==",
          "dependencies": [
            "aws_api_gateway_rest_api.current",
            "module.oauth_google_callback.aws_api_gateway_method.current",
            "module.oauth_google_callback.aws_api_gateway_resource.current"
          ]
        }
      ]
    },
    {
      "module": "module.oauth_google_callback",
      "mode": "managed",
      "type": "aws_api_gateway_method_response",
      "name": "current_302",
      "provider": "provider[\"registry.terraform.io/hashicorp/aws\"]",
      "instances": [
        {
          "schema_version": 0,
          "attributes": {
            "http_method": "GET",
            "id": "agmr-u2q24vtiua-qyex6l-GET-302",
            "resource_id": "qyex6l",
            "response_models": {},
            "response_parameters": {
              "method.response.header.Location": true
            },
            "rest_api_id": "u2q24vtiua",
            "status_code": "302"
          },
          "sensitive_attributes": [],
          "private": "bnVsbA==",
          "dependencies": [
            "aws_api_gateway_rest_api.current",
            "module.oauth_google_callback.aws_api_gateway_method.current",
            "module.oauth_google_callback.aws_api_gateway_resource.current"
          ]
        }
      ]
    },
    {
      "module": "module.oauth_google_callback",
      "mode": "managed",
      "type": "aws_api_gateway_method_response",
      "name": "options",
      "provider": "provider[\"registry.terraform.io/hashicorp/aws\"]",
      "instances": [
        {
          "schema_version": 0,
          "attributes": {
            "http_method": "OPTIONS",
            "id": "agmr-u2q24vtiua-qyex6l-OPTIONS-200",
            "resource_id": "qyex6l",
            "response_models": {
              "application/json": "Empty"
            },
            "response_parameters": {
              "method.response.header.Access-Control-Allow-Credentials": true,
              "method.response.header.Access-Control-Allow-Headers": true,
              "method.response.header.Access-Control-Allow-Methods": true,
              "method.response.header.Access-Control-Allow-Origin": true
            },
            "rest_api_id": "u2q24vtiua",
            "status_code": "200"
          },
          "sensitive_attributes": [],
          "private": "bnVsbA==",
          "dependencies": [
            "aws_api_gateway_rest_api.current",
            "module.oauth_google_callback.aws_api_gateway_method.options",
            "module.oauth_google_callback.aws_api_gateway_resource.current"
          ]
        }
      ]
    },
    {
      "module": "module.oauth_google_callback",
      "mode": "managed",
      "type": "aws_api_gateway_resource",
      "name": "current",
      "provider": "provider[\"registry.terraform.io/hashicorp/aws\"]",
      "instances": [
        {
          "schema_version": 0,
          "attributes": {
            "id": "qyex6l",
            "parent_id": "x1roclyjj9",
            "path": "/oauth_google_callback",
            "path_part": "oauth_google_callback",
            "rest_api_id": "u2q24vtiua"
          },
          "sensitive_attributes": [],
          "private": "bnVsbA==",
          "dependencies": [
            "aws_api_gateway_rest_api.current"
          ]
        }
      ]
    },
    {
      "module": "module.oauth_google_callback",
      "mode": "managed",
      "type": "aws_lambda_function",
      "name": "current",
      "provider": "provider[\"registry.terraform.io/hashicorp/aws\"]",
      "instances": [
        {
          "schema_version": 0,
          "attributes": {
            "arn": "arn:aws:lambda:ap-northeast-1:320981266684:function:oauth_google_callback",
            "code_signing_config_arn": "",
            "dead_letter_config": [],
            "description": "",
            "environment": [
              {
                "variables": {
                  "ENV": "production"
                }
              }
            ],
            "file_system_config": [],
            "filename": "./zip/oauth_google_callback.zip",
            "function_name": "oauth_google_callback",
            "handler": "oauth_google_callback.handler",
            "id": "oauth_google_callback",
            "image_config": [],
            "image_uri": "",
            "invoke_arn": "arn:aws:apigateway:ap-northeast-1:lambda:path/2015-03-31/functions/arn:aws:lambda:ap-northeast-1:320981266684:function:oauth_google_callback/invocations",
            "kms_key_arn": "",
            "last_modified": "2021-05-10T11:17:10.907+0000",
            "layers": [],
            "memory_size": 1024,
            "package_type": "Zip",
            "publish": false,
            "qualified_arn": "arn:aws:lambda:ap-northeast-1:320981266684:function:oauth_google_callback:4",
            "reserved_concurrent_executions": 10,
            "role": "arn:aws:iam::320981266684:role/iam_for_lambda",
            "runtime": "ruby2.7",
            "s3_bucket": null,
            "s3_key": null,
            "s3_object_version": null,
            "signing_job_arn": "",
            "signing_profile_version_arn": "",
            "source_code_hash": "ClFoLSF/ZMHcOvmAt8hSapak2eU/7fj+mrAj+0E6wps=",
            "source_code_size": 7535,
            "tags": {},
            "tags_all": {},
            "timeout": 60,
            "timeouts": null,
            "tracing_config": [
              {
                "mode": "PassThrough"
              }
            ],
            "version": "4",
            "vpc_config": []
          },
          "sensitive_attributes": [],
          "private": "eyJlMmJmYjczMC1lY2FhLTExZTYtOGY4OC0zNDM2M2JjN2M0YzAiOnsiY3JlYXRlIjo2MDAwMDAwMDAwMDB9fQ==",
          "dependencies": [
            "aws_cloudwatch_log_group.lambda_filestorage",
            "aws_iam_role.iam_for_lambda",
            "aws_iam_role_policy_attachment.lambda_logs",
            "module.oauth_google_callback.data.archive_file.function_source"
          ]
        }
      ]
    },
    {
      "module": "module.oauth_google_callback",
      "mode": "managed",
      "type": "aws_lambda_permission",
      "name": "current",
      "provider": "provider[\"registry.terraform.io/hashicorp/aws\"]",
      "instances": [
        {
          "schema_version": 0,
          "attributes": {
            "action": "lambda:InvokeFunction",
            "event_source_token": null,
            "function_name": "oauth_google_callback",
            "id": "AllowExecutionFromAPIGateway",
            "principal": "apigateway.amazonaws.com",
            "qualifier": "",
            "source_account": null,
            "source_arn": "arn:aws:execute-api:ap-northeast-1:320981266684:u2q24vtiua/*/*/*",
            "statement_id": "AllowExecutionFromAPIGateway",
            "statement_id_prefix": null
          },
          "sensitive_attributes": [],
          "private": "bnVsbA==",
          "dependencies": [
            "aws_api_gateway_rest_api.current",
            "aws_cloudwatch_log_group.lambda_filestorage",
            "aws_iam_policy.lambda_logging",
            "aws_iam_role.iam_for_lambda",
            "aws_iam_role_policy_attachment.lambda_logs",
            "module.oauth_google_callback.aws_lambda_function.current",
            "module.oauth_google_callback.data.archive_file.function_source"
          ]
        }
      ]
    },
    {
      "module": "module.operate_files",
      "mode": "data",
      "type": "archive_file",
      "name": "function_source",
      "provider": "provider[\"registry.terraform.io/hashicorp/archive\"]",
      "instances": [
        {
          "schema_version": 0,
          "attributes": {
            "excludes": null,
            "id": "9b892579fbb6da7aa76c1db12e256e1092590b8d",
            "output_base64sha256": "ClFoLSF/ZMHcOvmAt8hSapak2eU/7fj+mrAj+0E6wps=",
            "output_md5": "2bb4fa087ea775254cb246bc990e5666",
            "output_path": "./zip/operate_files.zip",
            "output_sha": "9b892579fbb6da7aa76c1db12e256e1092590b8d",
            "output_size": 7535,
            "source": [],
            "source_content": null,
            "source_content_filename": null,
            "source_dir": "../backend/functions",
            "source_file": null,
            "type": "zip"
          },
          "sensitive_attributes": []
        }
      ]
    },
    {
      "module": "module.operate_files",
      "mode": "managed",
      "type": "aws_api_gateway_integration",
      "name": "current",
      "provider": "provider[\"registry.terraform.io/hashicorp/aws\"]",
      "instances": [
        {
          "schema_version": 0,
          "attributes": {
            "cache_key_parameters": [],
            "cache_namespace": "u5gl6i",
            "connection_id": "",
            "connection_type": "INTERNET",
            "content_handling": "",
            "credentials": "",
            "http_method": "POST",
            "id": "agi-u2q24vtiua-u5gl6i-POST",
            "integration_http_method": "POST",
            "passthrough_behavior": "WHEN_NO_MATCH",
            "request_parameters": {},
            "request_templates": {},
            "resource_id": "u5gl6i",
            "rest_api_id": "u2q24vtiua",
            "timeout_milliseconds": 29000,
            "tls_config": [],
            "type": "AWS_PROXY",
            "uri": "arn:aws:apigateway:ap-northeast-1:lambda:path/2015-03-31/functions/arn:aws:lambda:ap-northeast-1:320981266684:function:operate_files/invocations"
          },
          "sensitive_attributes": [],
          "private": "bnVsbA==",
          "dependencies": [
            "aws_api_gateway_rest_api.current",
            "aws_cloudwatch_log_group.lambda_filestorage",
            "aws_iam_policy.lambda_logging",
            "aws_iam_role.iam_for_lambda",
            "aws_iam_role_policy_attachment.lambda_logs",
            "module.operate_files.aws_api_gateway_resource.current",
            "module.operate_files.aws_lambda_function.current",
            "module.operate_files.data.archive_file.function_source"
          ]
        }
      ]
    },
    {
      "module": "module.operate_files",
      "mode": "managed",
      "type": "aws_api_gateway_integration",
      "name": "options",
      "provider": "provider[\"registry.terraform.io/hashicorp/aws\"]",
      "instances": [
        {
          "schema_version": 0,
          "attributes": {
            "cache_key_parameters": [],
            "cache_namespace": "u5gl6i",
            "connection_id": "",
            "connection_type": "INTERNET",
            "content_handling": "",
            "credentials": "",
            "http_method": "OPTIONS",
            "id": "agi-u2q24vtiua-u5gl6i-OPTIONS",
            "integration_http_method": "",
            "passthrough_behavior": "WHEN_NO_MATCH",
            "request_parameters": {},
            "request_templates": {
              "application/json": "{\n  \"statusCode\": 200,\n  \"headers\": {\n    \"Access-Control-Allow-Headers\": \"Content-Type,X-Amz-Date,Authorization,X-Api-Key,X-Amz-Security-Token,Cookie\",\n    \"Access-Control-Allow-Origin\": \"https://experiment-lab.link\",\n    \"Access-Control-Allow-Credentials\": \"true\",\n    \"Access-Control-Allow-Methods\": \"GET,OPTIONS,POST,PUT,DELETE,PATCH\"\n  }\n}\n"
            },
            "resource_id": "u5gl6i",
            "rest_api_id": "u2q24vtiua",
            "timeout_milliseconds": 29000,
            "tls_config": [],
            "type": "MOCK",
            "uri": ""
          },
          "sensitive_attributes": [],
          "private": "bnVsbA==",
          "dependencies": [
            "aws_api_gateway_rest_api.current",
            "module.operate_files.aws_api_gateway_method.options",
            "module.operate_files.aws_api_gateway_resource.current"
          ]
        }
      ]
    },
    {
      "module": "module.operate_files",
      "mode": "managed",
      "type": "aws_api_gateway_integration_response",
      "name": "current",
      "provider": "provider[\"registry.terraform.io/hashicorp/aws\"]",
      "instances": [
        {
          "schema_version": 0,
          "attributes": {
            "content_handling": "",
            "http_method": "OPTIONS",
            "id": "agir-u2q24vtiua-u5gl6i-OPTIONS-200",
            "resource_id": "u5gl6i",
            "response_parameters": {
              "method.response.header.Access-Control-Allow-Credentials": "'true'",
              "method.response.header.Access-Control-Allow-Headers": "'Content-Type,X-Amz-Date,Authorization,X-Api-Key,X-Amz-Security-Token,Cookie'",
              "method.response.header.Access-Control-Allow-Methods": "'GET,OPTIONS,POST,PUT,DELETE,PATCH'",
              "method.response.header.Access-Control-Allow-Origin": "'https://experiment-lab.link'"
            },
            "response_templates": {},
            "rest_api_id": "u2q24vtiua",
            "selection_pattern": ".*\"status\":200.*",
            "status_code": "200"
          },
          "sensitive_attributes": [],
          "private": "bnVsbA==",
          "dependencies": [
            "aws_api_gateway_rest_api.current",
            "module.operate_files.aws_api_gateway_method.current",
            "module.operate_files.aws_api_gateway_method.options",
            "module.operate_files.aws_api_gateway_method_response.current",
            "module.operate_files.aws_api_gateway_resource.current"
          ]
        }
      ]
    },
    {
      "module": "module.operate_files",
      "mode": "managed",
      "type": "aws_api_gateway_integration_response",
      "name": "current_302",
      "provider": "provider[\"registry.terraform.io/hashicorp/aws\"]",
      "instances": [
        {
          "schema_version": 0,
          "attributes": {
            "content_handling": "",
            "http_method": "POST",
            "id": "agir-u2q24vtiua-u5gl6i-POST-302",
            "resource_id": "u5gl6i",
            "response_parameters": {
              "method.response.header.Access-Control-Allow-Credentials": "'true'",
              "method.response.header.Access-Control-Allow-Headers": "'Content-Type,X-Amz-Date,Authorization,X-Api-Key,X-Amz-Security-Token,Cookie'",
              "method.response.header.Access-Control-Allow-Methods": "'GET,OPTIONS,POST,PUT,DELETE,PATCH'",
              "method.response.header.Access-Control-Allow-Origin": "'https://experiment-lab.link'"
            },
            "response_templates": {},
            "rest_api_id": "u2q24vtiua",
            "selection_pattern": ".*\"status\":302.*",
            "status_code": "302"
          },
          "sensitive_attributes": [],
          "private": "bnVsbA==",
          "dependencies": [
            "aws_api_gateway_rest_api.current",
            "module.operate_files.aws_api_gateway_method.current",
            "module.operate_files.aws_api_gateway_method_response.current_302",
            "module.operate_files.aws_api_gateway_resource.current"
          ]
        }
      ]
    },
    {
      "module": "module.operate_files",
      "mode": "managed",
      "type": "aws_api_gateway_integration_response",
      "name": "options",
      "provider": "provider[\"registry.terraform.io/hashicorp/aws\"]",
      "instances": [
        {
          "schema_version": 0,
          "attributes": {
            "content_handling": "",
            "http_method": "OPTIONS",
            "id": "agir-u2q24vtiua-u5gl6i-OPTIONS-200",
            "resource_id": "u5gl6i",
            "response_parameters": {
              "method.response.header.Access-Control-Allow-Credentials": "'true'",
              "method.response.header.Access-Control-Allow-Headers": "'Content-Type,X-Amz-Date,Authorization,X-Api-Key,X-Amz-Security-Token,Cookie'",
              "method.response.header.Access-Control-Allow-Methods": "'GET,OPTIONS,POST,PUT,DELETE,PATCH'",
              "method.response.header.Access-Control-Allow-Origin": "'https://experiment-lab.link'"
            },
            "response_templates": {},
            "rest_api_id": "u2q24vtiua",
            "selection_pattern": "",
            "status_code": "200"
          },
          "sensitive_attributes": [],
          "private": "bnVsbA==",
          "dependencies": [
            "aws_api_gateway_rest_api.current",
            "module.operate_files.aws_api_gateway_method.options",
            "module.operate_files.aws_api_gateway_method_response.options",
            "module.operate_files.aws_api_gateway_resource.current"
          ]
        }
      ]
    },
    {
      "module": "module.operate_files",
      "mode": "managed",
      "type": "aws_api_gateway_method",
      "name": "current",
      "provider": "provider[\"registry.terraform.io/hashicorp/aws\"]",
      "instances": [
        {
          "schema_version": 0,
          "attributes": {
            "api_key_required": false,
            "authorization": "NONE",
            "authorization_scopes": [],
            "authorizer_id": "",
            "http_method": "POST",
            "id": "agm-u2q24vtiua-u5gl6i-POST",
            "operation_name": "",
            "request_models": {},
            "request_parameters": {},
            "request_validator_id": "",
            "resource_id": "u5gl6i",
            "rest_api_id": "u2q24vtiua"
          },
          "sensitive_attributes": [],
          "private": "bnVsbA==",
          "dependencies": [
            "aws_api_gateway_rest_api.current",
            "module.operate_files.aws_api_gateway_resource.current"
          ]
        }
      ]
    },
    {
      "module": "module.operate_files",
      "mode": "managed",
      "type": "aws_api_gateway_method",
      "name": "options",
      "provider": "provider[\"registry.terraform.io/hashicorp/aws\"]",
      "instances": [
        {
          "schema_version": 0,
          "attributes": {
            "api_key_required": false,
            "authorization": "NONE",
            "authorization_scopes": [],
            "authorizer_id": "",
            "http_method": "OPTIONS",
            "id": "agm-u2q24vtiua-u5gl6i-OPTIONS",
            "operation_name": "",
            "request_models": {},
            "request_parameters": {},
            "request_validator_id": "",
            "resource_id": "u5gl6i",
            "rest_api_id": "u2q24vtiua"
          },
          "sensitive_attributes": [],
          "private": "bnVsbA==",
          "dependencies": [
            "aws_api_gateway_rest_api.current",
            "module.operate_files.aws_api_gateway_resource.current"
          ]
        }
      ]
    },
    {
      "module": "module.operate_files",
      "mode": "managed",
      "type": "aws_api_gateway_method_response",
      "name": "current",
      "provider": "provider[\"registry.terraform.io/hashicorp/aws\"]",
      "instances": [
        {
          "schema_version": 0,
          "attributes": {
            "http_method": "POST",
            "id": "agmr-u2q24vtiua-u5gl6i-POST-200",
            "resource_id": "u5gl6i",
            "response_models": {
              "application/json": "Empty"
            },
            "response_parameters": {
              "method.response.header.Access-Control-Allow-Credentials": true,
              "method.response.header.Access-Control-Allow-Headers": true,
              "method.response.header.Access-Control-Allow-Methods": true,
              "method.response.header.Access-Control-Allow-Origin": true
            },
            "rest_api_id": "u2q24vtiua",
            "status_code": "200"
          },
          "sensitive_attributes": [],
          "private": "bnVsbA==",
          "dependencies": [
            "aws_api_gateway_rest_api.current",
            "module.operate_files.aws_api_gateway_method.current",
            "module.operate_files.aws_api_gateway_resource.current"
          ]
        }
      ]
    },
    {
      "module": "module.operate_files",
      "mode": "managed",
      "type": "aws_api_gateway_method_response",
      "name": "current_302",
      "provider": "provider[\"registry.terraform.io/hashicorp/aws\"]",
      "instances": [
        {
          "schema_version": 0,
          "attributes": {
            "http_method": "POST",
            "id": "agmr-u2q24vtiua-u5gl6i-POST-302",
            "resource_id": "u5gl6i",
            "response_models": {},
            "response_parameters": {
              "method.response.header.Location": true
            },
            "rest_api_id": "u2q24vtiua",
            "status_code": "302"
          },
          "sensitive_attributes": [],
          "private": "bnVsbA==",
          "dependencies": [
            "aws_api_gateway_rest_api.current",
            "module.operate_files.aws_api_gateway_method.current",
            "module.operate_files.aws_api_gateway_resource.current"
          ]
        }
      ]
    },
    {
      "module": "module.operate_files",
      "mode": "managed",
      "type": "aws_api_gateway_method_response",
      "name": "options",
      "provider": "provider[\"registry.terraform.io/hashicorp/aws\"]",
      "instances": [
        {
          "schema_version": 0,
          "attributes": {
            "http_method": "OPTIONS",
            "id": "agmr-u2q24vtiua-u5gl6i-OPTIONS-200",
            "resource_id": "u5gl6i",
            "response_models": {
              "application/json": "Empty"
            },
            "response_parameters": {
              "method.response.header.Access-Control-Allow-Credentials": true,
              "method.response.header.Access-Control-Allow-Headers": true,
              "method.response.header.Access-Control-Allow-Methods": true,
              "method.response.header.Access-Control-Allow-Origin": true
            },
            "rest_api_id": "u2q24vtiua",
            "status_code": "200"
          },
          "sensitive_attributes": [],
          "private": "bnVsbA==",
          "dependencies": [
            "aws_api_gateway_rest_api.current",
            "module.operate_files.aws_api_gateway_method.options",
            "module.operate_files.aws_api_gateway_resource.current"
          ]
        }
      ]
    },
    {
      "module": "module.operate_files",
      "mode": "managed",
      "type": "aws_api_gateway_resource",
      "name": "current",
      "provider": "provider[\"registry.terraform.io/hashicorp/aws\"]",
      "instances": [
        {
          "schema_version": 0,
          "attributes": {
            "id": "u5gl6i",
            "parent_id": "x1roclyjj9",
            "path": "/operate_files",
            "path_part": "operate_files",
            "rest_api_id": "u2q24vtiua"
          },
          "sensitive_attributes": [],
          "private": "bnVsbA==",
          "dependencies": [
            "aws_api_gateway_rest_api.current"
          ]
        }
      ]
    },
    {
      "module": "module.operate_files",
      "mode": "managed",
      "type": "aws_lambda_function",
      "name": "current",
      "provider": "provider[\"registry.terraform.io/hashicorp/aws\"]",
      "instances": [
        {
          "schema_version": 0,
          "attributes": {
            "arn": "arn:aws:lambda:ap-northeast-1:320981266684:function:operate_files",
            "code_signing_config_arn": "",
            "dead_letter_config": [],
            "description": "",
            "environment": [
              {
                "variables": {
                  "ENV": "production"
                }
              }
            ],
            "file_system_config": [],
            "filename": "./zip/operate_files.zip",
            "function_name": "operate_files",
            "handler": "operate_files.handler",
            "id": "operate_files",
            "image_config": [],
            "image_uri": "",
            "invoke_arn": "arn:aws:apigateway:ap-northeast-1:lambda:path/2015-03-31/functions/arn:aws:lambda:ap-northeast-1:320981266684:function:operate_files/invocations",
            "kms_key_arn": "",
            "last_modified": "2021-05-10T11:17:09.807+0000",
            "layers": [],
            "memory_size": 1024,
            "package_type": "Zip",
            "publish": false,
            "qualified_arn": "arn:aws:lambda:ap-northeast-1:320981266684:function:operate_files:4",
            "reserved_concurrent_executions": 10,
            "role": "arn:aws:iam::320981266684:role/iam_for_lambda",
            "runtime": "ruby2.7",
            "s3_bucket": null,
            "s3_key": null,
            "s3_object_version": null,
            "signing_job_arn": "",
            "signing_profile_version_arn": "",
            "source_code_hash": "ClFoLSF/ZMHcOvmAt8hSapak2eU/7fj+mrAj+0E6wps=",
            "source_code_size": 7535,
            "tags": {},
            "tags_all": {},
            "timeout": 60,
            "timeouts": null,
            "tracing_config": [
              {
                "mode": "PassThrough"
              }
            ],
            "version": "4",
            "vpc_config": []
          },
          "sensitive_attributes": [],
          "private": "eyJlMmJmYjczMC1lY2FhLTExZTYtOGY4OC0zNDM2M2JjN2M0YzAiOnsiY3JlYXRlIjo2MDAwMDAwMDAwMDB9fQ==",
          "dependencies": [
            "aws_cloudwatch_log_group.lambda_filestorage",
            "aws_iam_role.iam_for_lambda",
            "aws_iam_role_policy_attachment.lambda_logs",
            "module.operate_files.data.archive_file.function_source"
          ]
        }
      ]
    },
    {
      "module": "module.operate_files",
      "mode": "managed",
      "type": "aws_lambda_permission",
      "name": "current",
      "provider": "provider[\"registry.terraform.io/hashicorp/aws\"]",
      "instances": [
        {
          "schema_version": 0,
          "attributes": {
            "action": "lambda:InvokeFunction",
            "event_source_token": null,
            "function_name": "operate_files",
            "id": "AllowExecutionFromAPIGateway",
            "principal": "apigateway.amazonaws.com",
            "qualifier": "",
            "source_account": null,
            "source_arn": "arn:aws:execute-api:ap-northeast-1:320981266684:u2q24vtiua/*/*/*",
            "statement_id": "AllowExecutionFromAPIGateway",
            "statement_id_prefix": null
          },
          "sensitive_attributes": [],
          "private": "bnVsbA==",
          "dependencies": [
            "aws_api_gateway_rest_api.current",
            "aws_cloudwatch_log_group.lambda_filestorage",
            "aws_iam_policy.lambda_logging",
            "aws_iam_role.iam_for_lambda",
            "aws_iam_role_policy_attachment.lambda_logs",
            "module.operate_files.aws_lambda_function.current",
            "module.operate_files.data.archive_file.function_source"
          ]
        }
      ]
    },
    {
      "module": "module.show_files",
      "mode": "data",
      "type": "archive_file",
      "name": "function_source",
      "provider": "provider[\"registry.terraform.io/hashicorp/archive\"]",
      "instances": [
        {
          "schema_version": 0,
          "attributes": {
            "excludes": null,
            "id": "9b892579fbb6da7aa76c1db12e256e1092590b8d",
            "output_base64sha256": "ClFoLSF/ZMHcOvmAt8hSapak2eU/7fj+mrAj+0E6wps=",
            "output_md5": "2bb4fa087ea775254cb246bc990e5666",
            "output_path": "./zip/show_files.zip",
            "output_sha": "9b892579fbb6da7aa76c1db12e256e1092590b8d",
            "output_size": 7535,
            "source": [],
            "source_content": null,
            "source_content_filename": null,
            "source_dir": "../backend/functions",
            "source_file": null,
            "type": "zip"
          },
          "sensitive_attributes": []
        }
      ]
    },
    {
      "module": "module.show_files",
      "mode": "managed",
      "type": "aws_api_gateway_integration",
      "name": "current",
      "provider": "provider[\"registry.terraform.io/hashicorp/aws\"]",
      "instances": [
        {
          "schema_version": 0,
          "attributes": {
            "cache_key_parameters": [],
            "cache_namespace": "lohzln",
            "connection_id": "",
            "connection_type": "INTERNET",
            "content_handling": "",
            "credentials": "",
            "http_method": "POST",
            "id": "agi-u2q24vtiua-lohzln-POST",
            "integration_http_method": "POST",
            "passthrough_behavior": "WHEN_NO_MATCH",
            "request_parameters": {},
            "request_templates": {},
            "resource_id": "lohzln",
            "rest_api_id": "u2q24vtiua",
            "timeout_milliseconds": 29000,
            "tls_config": [],
            "type": "AWS_PROXY",
            "uri": "arn:aws:apigateway:ap-northeast-1:lambda:path/2015-03-31/functions/arn:aws:lambda:ap-northeast-1:320981266684:function:show_files/invocations"
          },
          "sensitive_attributes": [],
          "private": "bnVsbA==",
          "dependencies": [
            "aws_api_gateway_rest_api.current",
            "aws_cloudwatch_log_group.lambda_filestorage",
            "aws_iam_policy.lambda_logging",
            "aws_iam_role.iam_for_lambda",
            "aws_iam_role_policy_attachment.lambda_logs",
            "module.show_files.aws_api_gateway_resource.current",
            "module.show_files.aws_lambda_function.current",
            "module.show_files.data.archive_file.function_source"
          ]
        }
      ]
    },
    {
      "module": "module.show_files",
      "mode": "managed",
      "type": "aws_api_gateway_integration",
      "name": "options",
      "provider": "provider[\"registry.terraform.io/hashicorp/aws\"]",
      "instances": [
        {
          "schema_version": 0,
          "attributes": {
            "cache_key_parameters": [],
            "cache_namespace": "lohzln",
            "connection_id": "",
            "connection_type": "INTERNET",
            "content_handling": "",
            "credentials": "",
            "http_method": "OPTIONS",
            "id": "agi-u2q24vtiua-lohzln-OPTIONS",
            "integration_http_method": "",
            "passthrough_behavior": "WHEN_NO_MATCH",
            "request_parameters": {},
            "request_templates": {
              "application/json": "{\n  \"statusCode\": 200,\n  \"headers\": {\n    \"Access-Control-Allow-Headers\": \"Content-Type,X-Amz-Date,Authorization,X-Api-Key,X-Amz-Security-Token,Cookie\",\n    \"Access-Control-Allow-Origin\": \"https://experiment-lab.link\",\n    \"Access-Control-Allow-Credentials\": \"true\",\n    \"Access-Control-Allow-Methods\": \"GET,OPTIONS,POST,PUT,DELETE,PATCH\"\n  }\n}\n"
            },
            "resource_id": "lohzln",
            "rest_api_id": "u2q24vtiua",
            "timeout_milliseconds": 29000,
            "tls_config": [],
            "type": "MOCK",
            "uri": ""
          },
          "sensitive_attributes": [],
          "private": "bnVsbA==",
          "dependencies": [
            "aws_api_gateway_rest_api.current",
            "module.show_files.aws_api_gateway_method.options",
            "module.show_files.aws_api_gateway_resource.current"
          ]
        }
      ]
    },
    {
      "module": "module.show_files",
      "mode": "managed",
      "type": "aws_api_gateway_integration_response",
      "name": "current",
      "provider": "provider[\"registry.terraform.io/hashicorp/aws\"]",
      "instances": [
        {
          "schema_version": 0,
          "attributes": {
            "content_handling": "",
            "http_method": "OPTIONS",
            "id": "agir-u2q24vtiua-lohzln-OPTIONS-200",
            "resource_id": "lohzln",
            "response_parameters": {
              "method.response.header.Access-Control-Allow-Credentials": "'true'",
              "method.response.header.Access-Control-Allow-Headers": "'Content-Type,X-Amz-Date,Authorization,X-Api-Key,X-Amz-Security-Token,Cookie'",
              "method.response.header.Access-Control-Allow-Methods": "'GET,OPTIONS,POST,PUT,DELETE,PATCH'",
              "method.response.header.Access-Control-Allow-Origin": "'https://experiment-lab.link'"
            },
            "response_templates": {},
            "rest_api_id": "u2q24vtiua",
            "selection_pattern": ".*\"status\":200.*",
            "status_code": "200"
          },
          "sensitive_attributes": [],
          "private": "bnVsbA==",
          "dependencies": [
            "aws_api_gateway_rest_api.current",
            "module.show_files.aws_api_gateway_method.options",
            "module.show_files.aws_api_gateway_method_response.current",
            "module.show_files.aws_api_gateway_resource.current"
          ]
        }
      ]
    },
    {
      "module": "module.show_files",
      "mode": "managed",
      "type": "aws_api_gateway_integration_response",
      "name": "current_302",
      "provider": "provider[\"registry.terraform.io/hashicorp/aws\"]",
      "instances": [
        {
          "schema_version": 0,
          "attributes": {
            "content_handling": "",
            "http_method": "POST",
            "id": "agir-u2q24vtiua-lohzln-POST-302",
            "resource_id": "lohzln",
            "response_parameters": {
              "method.response.header.Access-Control-Allow-Credentials": "'true'",
              "method.response.header.Access-Control-Allow-Headers": "'Content-Type,X-Amz-Date,Authorization,X-Api-Key,X-Amz-Security-Token,Cookie'",
              "method.response.header.Access-Control-Allow-Methods": "'GET,OPTIONS,POST,PUT,DELETE,PATCH'",
              "method.response.header.Access-Control-Allow-Origin": "'https://experiment-lab.link'"
            },
            "response_templates": {},
            "rest_api_id": "u2q24vtiua",
            "selection_pattern": ".*\"status\":302.*",
            "status_code": "302"
          },
          "sensitive_attributes": [],
          "private": "bnVsbA==",
          "dependencies": [
            "aws_api_gateway_rest_api.current",
            "module.show_files.aws_api_gateway_method.current",
            "module.show_files.aws_api_gateway_method_response.current_302",
            "module.show_files.aws_api_gateway_resource.current"
          ]
        }
      ]
    },
    {
      "module": "module.show_files",
      "mode": "managed",
      "type": "aws_api_gateway_integration_response",
      "name": "options",
      "provider": "provider[\"registry.terraform.io/hashicorp/aws\"]",
      "instances": [
        {
          "schema_version": 0,
          "attributes": {
            "content_handling": "",
            "http_method": "OPTIONS",
            "id": "agir-u2q24vtiua-lohzln-OPTIONS-200",
            "resource_id": "lohzln",
            "response_parameters": {
              "method.response.header.Access-Control-Allow-Credentials": "'true'",
              "method.response.header.Access-Control-Allow-Headers": "'Content-Type,X-Amz-Date,Authorization,X-Api-Key,X-Amz-Security-Token,Cookie'",
              "method.response.header.Access-Control-Allow-Methods": "'GET,OPTIONS,POST,PUT,DELETE,PATCH'",
              "method.response.header.Access-Control-Allow-Origin": "'https://experiment-lab.link'"
            },
            "response_templates": {},
            "rest_api_id": "u2q24vtiua",
            "selection_pattern": "",
            "status_code": "200"
          },
          "sensitive_attributes": [],
          "private": "bnVsbA==",
          "dependencies": [
            "aws_api_gateway_rest_api.current",
            "module.show_files.aws_api_gateway_method.options",
            "module.show_files.aws_api_gateway_method_response.options",
            "module.show_files.aws_api_gateway_resource.current"
          ]
        }
      ]
    },
    {
      "module": "module.show_files",
      "mode": "managed",
      "type": "aws_api_gateway_method",
      "name": "current",
      "provider": "provider[\"registry.terraform.io/hashicorp/aws\"]",
      "instances": [
        {
          "schema_version": 0,
          "attributes": {
            "api_key_required": false,
            "authorization": "NONE",
            "authorization_scopes": [],
            "authorizer_id": "",
            "http_method": "POST",
            "id": "agm-u2q24vtiua-lohzln-POST",
            "operation_name": "",
            "request_models": {},
            "request_parameters": {},
            "request_validator_id": "",
            "resource_id": "lohzln",
            "rest_api_id": "u2q24vtiua"
          },
          "sensitive_attributes": [],
          "private": "bnVsbA==",
          "dependencies": [
            "aws_api_gateway_rest_api.current",
            "module.show_files.aws_api_gateway_resource.current"
          ]
        }
      ]
    },
    {
      "module": "module.show_files",
      "mode": "managed",
      "type": "aws_api_gateway_method",
      "name": "options",
      "provider": "provider[\"registry.terraform.io/hashicorp/aws\"]",
      "instances": [
        {
          "schema_version": 0,
          "attributes": {
            "api_key_required": false,
            "authorization": "NONE",
            "authorization_scopes": [],
            "authorizer_id": "",
            "http_method": "OPTIONS",
            "id": "agm-u2q24vtiua-lohzln-OPTIONS",
            "operation_name": "",
            "request_models": {},
            "request_parameters": {},
            "request_validator_id": "",
            "resource_id": "lohzln",
            "rest_api_id": "u2q24vtiua"
          },
          "sensitive_attributes": [],
          "private": "bnVsbA==",
          "dependencies": [
            "aws_api_gateway_rest_api.current",
            "module.show_files.aws_api_gateway_resource.current"
          ]
        }
      ]
    },
    {
      "module": "module.show_files",
      "mode": "managed",
      "type": "aws_api_gateway_method_response",
      "name": "current",
      "provider": "provider[\"registry.terraform.io/hashicorp/aws\"]",
      "instances": [
        {
          "schema_version": 0,
          "attributes": {
            "http_method": "POST",
            "id": "agmr-u2q24vtiua-lohzln-POST-200",
            "resource_id": "lohzln",
            "response_models": {
              "application/json": "Empty"
            },
            "response_parameters": {
              "method.response.header.Access-Control-Allow-Credentials": true,
              "method.response.header.Access-Control-Allow-Headers": true,
              "method.response.header.Access-Control-Allow-Methods": true,
              "method.response.header.Access-Control-Allow-Origin": true
            },
            "rest_api_id": "u2q24vtiua",
            "status_code": "200"
          },
          "sensitive_attributes": [],
          "private": "bnVsbA==",
          "dependencies": [
            "aws_api_gateway_rest_api.current",
            "module.show_files.aws_api_gateway_method.current",
            "module.show_files.aws_api_gateway_resource.current"
          ]
        }
      ]
    },
    {
      "module": "module.show_files",
      "mode": "managed",
      "type": "aws_api_gateway_method_response",
      "name": "current_302",
      "provider": "provider[\"registry.terraform.io/hashicorp/aws\"]",
      "instances": [
        {
          "schema_version": 0,
          "attributes": {
            "http_method": "POST",
            "id": "agmr-u2q24vtiua-lohzln-POST-302",
            "resource_id": "lohzln",
            "response_models": {},
            "response_parameters": {
              "method.response.header.Location": true
            },
            "rest_api_id": "u2q24vtiua",
            "status_code": "302"
          },
          "sensitive_attributes": [],
          "private": "bnVsbA==",
          "dependencies": [
            "aws_api_gateway_rest_api.current",
            "module.show_files.aws_api_gateway_method.current",
            "module.show_files.aws_api_gateway_resource.current"
          ]
        }
      ]
    },
    {
      "module": "module.show_files",
      "mode": "managed",
      "type": "aws_api_gateway_method_response",
      "name": "options",
      "provider": "provider[\"registry.terraform.io/hashicorp/aws\"]",
      "instances": [
        {
          "schema_version": 0,
          "attributes": {
            "http_method": "OPTIONS",
            "id": "agmr-u2q24vtiua-lohzln-OPTIONS-200",
            "resource_id": "lohzln",
            "response_models": {
              "application/json": "Empty"
            },
            "response_parameters": {
              "method.response.header.Access-Control-Allow-Credentials": true,
              "method.response.header.Access-Control-Allow-Headers": true,
              "method.response.header.Access-Control-Allow-Methods": true,
              "method.response.header.Access-Control-Allow-Origin": true
            },
            "rest_api_id": "u2q24vtiua",
            "status_code": "200"
          },
          "sensitive_attributes": [],
          "private": "bnVsbA==",
          "dependencies": [
            "aws_api_gateway_rest_api.current",
            "module.show_files.aws_api_gateway_method.options",
            "module.show_files.aws_api_gateway_resource.current"
          ]
        }
      ]
    },
    {
      "module": "module.show_files",
      "mode": "managed",
      "type": "aws_api_gateway_resource",
      "name": "current",
      "provider": "provider[\"registry.terraform.io/hashicorp/aws\"]",
      "instances": [
        {
          "schema_version": 0,
          "attributes": {
            "id": "lohzln",
            "parent_id": "x1roclyjj9",
            "path": "/show_files",
            "path_part": "show_files",
            "rest_api_id": "u2q24vtiua"
          },
          "sensitive_attributes": [],
          "private": "bnVsbA==",
          "dependencies": [
            "aws_api_gateway_rest_api.current"
          ]
        }
      ]
    },
    {
      "module": "module.show_files",
      "mode": "managed",
      "type": "aws_lambda_function",
      "name": "current",
      "provider": "provider[\"registry.terraform.io/hashicorp/aws\"]",
      "instances": [
        {
          "schema_version": 0,
          "attributes": {
            "arn": "arn:aws:lambda:ap-northeast-1:320981266684:function:show_files",
            "code_signing_config_arn": "",
            "dead_letter_config": [],
            "description": "",
            "environment": [
              {
                "variables": {
                  "ENV": "production"
                }
              }
            ],
            "file_system_config": [],
            "filename": "./zip/show_files.zip",
            "function_name": "show_files",
            "handler": "show_files.handler",
            "id": "show_files",
            "image_config": [],
            "image_uri": "",
            "invoke_arn": "arn:aws:apigateway:ap-northeast-1:lambda:path/2015-03-31/functions/arn:aws:lambda:ap-northeast-1:320981266684:function:show_files/invocations",
            "kms_key_arn": "",
            "last_modified": "2021-05-10T11:17:08.418+0000",
            "layers": [],
            "memory_size": 1024,
            "package_type": "Zip",
            "publish": false,
            "qualified_arn": "arn:aws:lambda:ap-northeast-1:320981266684:function:show_files:4",
            "reserved_concurrent_executions": 10,
            "role": "arn:aws:iam::320981266684:role/iam_for_lambda",
            "runtime": "ruby2.7",
            "s3_bucket": null,
            "s3_key": null,
            "s3_object_version": null,
            "signing_job_arn": "",
            "signing_profile_version_arn": "",
            "source_code_hash": "ClFoLSF/ZMHcOvmAt8hSapak2eU/7fj+mrAj+0E6wps=",
            "source_code_size": 7535,
            "tags": {},
            "tags_all": {},
            "timeout": 60,
            "timeouts": null,
            "tracing_config": [
              {
                "mode": "PassThrough"
              }
            ],
            "version": "4",
            "vpc_config": []
          },
          "sensitive_attributes": [],
          "private": "eyJlMmJmYjczMC1lY2FhLTExZTYtOGY4OC0zNDM2M2JjN2M0YzAiOnsiY3JlYXRlIjo2MDAwMDAwMDAwMDB9fQ==",
          "dependencies": [
            "aws_cloudwatch_log_group.lambda_filestorage",
            "aws_iam_role.iam_for_lambda",
            "aws_iam_role_policy_attachment.lambda_logs",
            "module.show_files.data.archive_file.function_source"
          ]
        }
      ]
    },
    {
      "module": "module.show_files",
      "mode": "managed",
      "type": "aws_lambda_permission",
      "name": "current",
      "provider": "provider[\"registry.terraform.io/hashicorp/aws\"]",
      "instances": [
        {
          "schema_version": 0,
          "attributes": {
            "action": "lambda:InvokeFunction",
            "event_source_token": null,
            "function_name": "show_files",
            "id": "AllowExecutionFromAPIGateway",
            "principal": "apigateway.amazonaws.com",
            "qualifier": "",
            "source_account": null,
            "source_arn": "arn:aws:execute-api:ap-northeast-1:320981266684:u2q24vtiua/*/*/*",
            "statement_id": "AllowExecutionFromAPIGateway",
            "statement_id_prefix": null
          },
          "sensitive_attributes": [],
          "private": "bnVsbA==",
          "dependencies": [
            "aws_api_gateway_rest_api.current",
            "aws_cloudwatch_log_group.lambda_filestorage",
            "aws_iam_policy.lambda_logging",
            "aws_iam_role.iam_for_lambda",
            "aws_iam_role_policy_attachment.lambda_logs",
            "module.show_files.aws_lambda_function.current",
            "module.show_files.data.archive_file.function_source"
          ]
        }
      ]
    },
    {
      "module": "module.test",
      "mode": "data",
      "type": "archive_file",
      "name": "function_source",
      "provider": "provider[\"registry.terraform.io/hashicorp/archive\"]",
      "instances": [
        {
          "schema_version": 0,
          "attributes": {
            "excludes": null,
            "id": "9b892579fbb6da7aa76c1db12e256e1092590b8d",
            "output_base64sha256": "ClFoLSF/ZMHcOvmAt8hSapak2eU/7fj+mrAj+0E6wps=",
            "output_md5": "2bb4fa087ea775254cb246bc990e5666",
            "output_path": "./zip/test.zip",
            "output_sha": "9b892579fbb6da7aa76c1db12e256e1092590b8d",
            "output_size": 7535,
            "source": [],
            "source_content": null,
            "source_content_filename": null,
            "source_dir": "../backend/functions",
            "source_file": null,
            "type": "zip"
          },
          "sensitive_attributes": []
        }
      ]
    },
    {
      "module": "module.test",
      "mode": "managed",
      "type": "aws_api_gateway_integration",
      "name": "current",
      "provider": "provider[\"registry.terraform.io/hashicorp/aws\"]",
      "instances": [
        {
          "schema_version": 0,
          "attributes": {
            "cache_key_parameters": [],
            "cache_namespace": "r60bkc",
            "connection_id": "",
            "connection_type": "INTERNET",
            "content_handling": "",
            "credentials": "",
            "http_method": "POST",
            "id": "agi-u2q24vtiua-r60bkc-POST",
            "integration_http_method": "POST",
            "passthrough_behavior": "WHEN_NO_MATCH",
            "request_parameters": {},
            "request_templates": {},
            "resource_id": "r60bkc",
            "rest_api_id": "u2q24vtiua",
            "timeout_milliseconds": 29000,
            "tls_config": [],
            "type": "AWS_PROXY",
            "uri": "arn:aws:apigateway:ap-northeast-1:lambda:path/2015-03-31/functions/arn:aws:lambda:ap-northeast-1:320981266684:function:test/invocations"
          },
          "sensitive_attributes": [],
          "private": "bnVsbA==",
          "dependencies": [
            "aws_api_gateway_rest_api.current",
            "aws_cloudwatch_log_group.lambda_filestorage",
            "aws_iam_policy.lambda_logging",
            "aws_iam_role.iam_for_lambda",
            "aws_iam_role_policy_attachment.lambda_logs",
            "module.test.aws_api_gateway_resource.current",
            "module.test.aws_lambda_function.current",
            "module.test.data.archive_file.function_source"
          ]
        }
      ]
    },
    {
      "module": "module.test",
      "mode": "managed",
      "type": "aws_api_gateway_integration",
      "name": "options",
      "provider": "provider[\"registry.terraform.io/hashicorp/aws\"]",
      "instances": [
        {
          "schema_version": 0,
          "attributes": {
            "cache_key_parameters": [],
            "cache_namespace": "r60bkc",
            "connection_id": "",
            "connection_type": "INTERNET",
            "content_handling": "",
            "credentials": "",
            "http_method": "OPTIONS",
            "id": "agi-u2q24vtiua-r60bkc-OPTIONS",
            "integration_http_method": "",
            "passthrough_behavior": "WHEN_NO_MATCH",
            "request_parameters": {},
            "request_templates": {
              "application/json": "{\n  \"statusCode\": 200,\n  \"headers\": {\n    \"Access-Control-Allow-Headers\": \"Content-Type,X-Amz-Date,Authorization,X-Api-Key,X-Amz-Security-Token,Cookie\",\n    \"Access-Control-Allow-Origin\": \"https://experiment-lab.link\",\n    \"Access-Control-Allow-Credentials\": \"true\",\n    \"Access-Control-Allow-Methods\": \"GET,OPTIONS,POST,PUT,DELETE,PATCH\"\n  }\n}\n"
            },
            "resource_id": "r60bkc",
            "rest_api_id": "u2q24vtiua",
            "timeout_milliseconds": 29000,
            "tls_config": [],
            "type": "MOCK",
            "uri": ""
          },
          "sensitive_attributes": [],
          "private": "bnVsbA==",
          "dependencies": [
            "aws_api_gateway_rest_api.current",
            "module.test.aws_api_gateway_method.options",
            "module.test.aws_api_gateway_resource.current"
          ]
        }
      ]
    },
    {
      "module": "module.test",
      "mode": "managed",
      "type": "aws_api_gateway_integration_response",
      "name": "current",
      "provider": "provider[\"registry.terraform.io/hashicorp/aws\"]",
      "instances": [
        {
          "schema_version": 0,
          "attributes": {
            "content_handling": "",
            "http_method": "OPTIONS",
            "id": "agir-u2q24vtiua-r60bkc-OPTIONS-200",
            "resource_id": "r60bkc",
            "response_parameters": {
              "method.response.header.Access-Control-Allow-Credentials": "'true'",
              "method.response.header.Access-Control-Allow-Headers": "'Content-Type,X-Amz-Date,Authorization,X-Api-Key,X-Amz-Security-Token,Cookie'",
              "method.response.header.Access-Control-Allow-Methods": "'GET,OPTIONS,POST,PUT,DELETE,PATCH'",
              "method.response.header.Access-Control-Allow-Origin": "'https://experiment-lab.link'"
            },
            "response_templates": {},
            "rest_api_id": "u2q24vtiua",
            "selection_pattern": ".*\"status\":200.*",
            "status_code": "200"
          },
          "sensitive_attributes": [],
          "private": "bnVsbA==",
          "dependencies": [
            "aws_api_gateway_rest_api.current",
            "module.test.aws_api_gateway_method.current",
            "module.test.aws_api_gateway_method.options",
            "module.test.aws_api_gateway_method_response.current",
            "module.test.aws_api_gateway_resource.current"
          ]
        }
      ]
    },
    {
      "module": "module.test",
      "mode": "managed",
      "type": "aws_api_gateway_integration_response",
      "name": "current_302",
      "provider": "provider[\"registry.terraform.io/hashicorp/aws\"]",
      "instances": [
        {
          "schema_version": 0,
          "attributes": {
            "content_handling": "",
            "http_method": "POST",
            "id": "agir-u2q24vtiua-r60bkc-POST-302",
            "resource_id": "r60bkc",
            "response_parameters": {
              "method.response.header.Access-Control-Allow-Credentials": "'true'",
              "method.response.header.Access-Control-Allow-Headers": "'Content-Type,X-Amz-Date,Authorization,X-Api-Key,X-Amz-Security-Token,Cookie'",
              "method.response.header.Access-Control-Allow-Methods": "'GET,OPTIONS,POST,PUT,DELETE,PATCH'",
              "method.response.header.Access-Control-Allow-Origin": "'https://experiment-lab.link'"
            },
            "response_templates": {},
            "rest_api_id": "u2q24vtiua",
            "selection_pattern": ".*\"status\":302.*",
            "status_code": "302"
          },
          "sensitive_attributes": [],
          "private": "bnVsbA==",
          "dependencies": [
            "aws_api_gateway_rest_api.current",
            "module.test.aws_api_gateway_method.current",
            "module.test.aws_api_gateway_method_response.current_302",
            "module.test.aws_api_gateway_resource.current"
          ]
        }
      ]
    },
    {
      "module": "module.test",
      "mode": "managed",
      "type": "aws_api_gateway_integration_response",
      "name": "options",
      "provider": "provider[\"registry.terraform.io/hashicorp/aws\"]",
      "instances": [
        {
          "schema_version": 0,
          "attributes": {
            "content_handling": "",
            "http_method": "OPTIONS",
            "id": "agir-u2q24vtiua-r60bkc-OPTIONS-200",
            "resource_id": "r60bkc",
            "response_parameters": {
              "method.response.header.Access-Control-Allow-Credentials": "'true'",
              "method.response.header.Access-Control-Allow-Headers": "'Content-Type,X-Amz-Date,Authorization,X-Api-Key,X-Amz-Security-Token,Cookie'",
              "method.response.header.Access-Control-Allow-Methods": "'GET,OPTIONS,POST,PUT,DELETE,PATCH'",
              "method.response.header.Access-Control-Allow-Origin": "'https://experiment-lab.link'"
            },
            "response_templates": {},
            "rest_api_id": "u2q24vtiua",
            "selection_pattern": "",
            "status_code": "200"
          },
          "sensitive_attributes": [],
          "private": "bnVsbA==",
          "dependencies": [
            "aws_api_gateway_rest_api.current",
            "module.test.aws_api_gateway_method.options",
            "module.test.aws_api_gateway_method_response.options",
            "module.test.aws_api_gateway_resource.current"
          ]
        }
      ]
    },
    {
      "module": "module.test",
      "mode": "managed",
      "type": "aws_api_gateway_method",
      "name": "current",
      "provider": "provider[\"registry.terraform.io/hashicorp/aws\"]",
      "instances": [
        {
          "schema_version": 0,
          "attributes": {
            "api_key_required": false,
            "authorization": "NONE",
            "authorization_scopes": [],
            "authorizer_id": "",
            "http_method": "POST",
            "id": "agm-u2q24vtiua-r60bkc-POST",
            "operation_name": "",
            "request_models": {},
            "request_parameters": {},
            "request_validator_id": "",
            "resource_id": "r60bkc",
            "rest_api_id": "u2q24vtiua"
          },
          "sensitive_attributes": [],
          "private": "bnVsbA==",
          "dependencies": [
            "aws_api_gateway_rest_api.current",
            "module.test.aws_api_gateway_resource.current"
          ]
        }
      ]
    },
    {
      "module": "module.test",
      "mode": "managed",
      "type": "aws_api_gateway_method",
      "name": "options",
      "provider": "provider[\"registry.terraform.io/hashicorp/aws\"]",
      "instances": [
        {
          "schema_version": 0,
          "attributes": {
            "api_key_required": false,
            "authorization": "NONE",
            "authorization_scopes": [],
            "authorizer_id": "",
            "http_method": "OPTIONS",
            "id": "agm-u2q24vtiua-r60bkc-OPTIONS",
            "operation_name": "",
            "request_models": {},
            "request_parameters": {},
            "request_validator_id": "",
            "resource_id": "r60bkc",
            "rest_api_id": "u2q24vtiua"
          },
          "sensitive_attributes": [],
          "private": "bnVsbA==",
          "dependencies": [
            "aws_api_gateway_rest_api.current",
            "module.test.aws_api_gateway_resource.current"
          ]
        }
      ]
    },
    {
      "module": "module.test",
      "mode": "managed",
      "type": "aws_api_gateway_method_response",
      "name": "current",
      "provider": "provider[\"registry.terraform.io/hashicorp/aws\"]",
      "instances": [
        {
          "schema_version": 0,
          "attributes": {
            "http_method": "POST",
            "id": "agmr-u2q24vtiua-r60bkc-POST-200",
            "resource_id": "r60bkc",
            "response_models": {
              "application/json": "Empty"
            },
            "response_parameters": {
              "method.response.header.Access-Control-Allow-Credentials": true,
              "method.response.header.Access-Control-Allow-Headers": true,
              "method.response.header.Access-Control-Allow-Methods": true,
              "method.response.header.Access-Control-Allow-Origin": true
            },
            "rest_api_id": "u2q24vtiua",
            "status_code": "200"
          },
          "sensitive_attributes": [],
          "private": "bnVsbA==",
          "dependencies": [
            "aws_api_gateway_rest_api.current",
            "module.test.aws_api_gateway_method.current",
            "module.test.aws_api_gateway_resource.current"
          ]
        }
      ]
    },
    {
      "module": "module.test",
      "mode": "managed",
      "type": "aws_api_gateway_method_response",
      "name": "current_302",
      "provider": "provider[\"registry.terraform.io/hashicorp/aws\"]",
      "instances": [
        {
          "schema_version": 0,
          "attributes": {
            "http_method": "POST",
            "id": "agmr-u2q24vtiua-r60bkc-POST-302",
            "resource_id": "r60bkc",
            "response_models": {},
            "response_parameters": {
              "method.response.header.Location": true
            },
            "rest_api_id": "u2q24vtiua",
            "status_code": "302"
          },
          "sensitive_attributes": [],
          "private": "bnVsbA==",
          "dependencies": [
            "aws_api_gateway_rest_api.current",
            "module.test.aws_api_gateway_method.current",
            "module.test.aws_api_gateway_resource.current"
          ]
        }
      ]
    },
    {
      "module": "module.test",
      "mode": "managed",
      "type": "aws_api_gateway_method_response",
      "name": "options",
      "provider": "provider[\"registry.terraform.io/hashicorp/aws\"]",
      "instances": [
        {
          "schema_version": 0,
          "attributes": {
            "http_method": "OPTIONS",
            "id": "agmr-u2q24vtiua-r60bkc-OPTIONS-200",
            "resource_id": "r60bkc",
            "response_models": {
              "application/json": "Empty"
            },
            "response_parameters": {
              "method.response.header.Access-Control-Allow-Credentials": true,
              "method.response.header.Access-Control-Allow-Headers": true,
              "method.response.header.Access-Control-Allow-Methods": true,
              "method.response.header.Access-Control-Allow-Origin": true
            },
            "rest_api_id": "u2q24vtiua",
            "status_code": "200"
          },
          "sensitive_attributes": [],
          "private": "bnVsbA==",
          "dependencies": [
            "aws_api_gateway_rest_api.current",
            "module.test.aws_api_gateway_method.options",
            "module.test.aws_api_gateway_resource.current"
          ]
        }
      ]
    },
    {
      "module": "module.test",
      "mode": "managed",
      "type": "aws_api_gateway_resource",
      "name": "current",
      "provider": "provider[\"registry.terraform.io/hashicorp/aws\"]",
      "instances": [
        {
          "schema_version": 0,
          "attributes": {
            "id": "r60bkc",
            "parent_id": "x1roclyjj9",
            "path": "/test",
            "path_part": "test",
            "rest_api_id": "u2q24vtiua"
          },
          "sensitive_attributes": [],
          "private": "bnVsbA==",
          "dependencies": [
            "aws_api_gateway_rest_api.current"
          ]
        }
      ]
    },
    {
      "module": "module.test",
      "mode": "managed",
      "type": "aws_lambda_function",
      "name": "current",
      "provider": "provider[\"registry.terraform.io/hashicorp/aws\"]",
      "instances": [
        {
          "schema_version": 0,
          "attributes": {
            "arn": "arn:aws:lambda:ap-northeast-1:320981266684:function:test",
            "code_signing_config_arn": "",
            "dead_letter_config": [],
            "description": "",
            "environment": [
              {
                "variables": {
                  "ENV": "production"
                }
              }
            ],
            "file_system_config": [],
            "filename": "./zip/test.zip",
            "function_name": "test",
            "handler": "test.handler",
            "id": "test",
            "image_config": [],
            "image_uri": "",
            "invoke_arn": "arn:aws:apigateway:ap-northeast-1:lambda:path/2015-03-31/functions/arn:aws:lambda:ap-northeast-1:320981266684:function:test/invocations",
            "kms_key_arn": "",
            "last_modified": "2021-05-10T11:17:04.397+0000",
            "layers": [],
            "memory_size": 1024,
            "package_type": "Zip",
            "publish": false,
            "qualified_arn": "arn:aws:lambda:ap-northeast-1:320981266684:function:test:$LATEST",
            "reserved_concurrent_executions": 10,
            "role": "arn:aws:iam::320981266684:role/iam_for_lambda",
            "runtime": "ruby2.7",
            "s3_bucket": null,
            "s3_key": null,
            "s3_object_version": null,
            "signing_job_arn": "",
            "signing_profile_version_arn": "",
            "source_code_hash": "ClFoLSF/ZMHcOvmAt8hSapak2eU/7fj+mrAj+0E6wps=",
            "source_code_size": 7535,
            "tags": {},
            "tags_all": {},
            "timeout": 60,
            "timeouts": null,
            "tracing_config": [
              {
                "mode": "PassThrough"
              }
            ],
            "version": "$LATEST",
            "vpc_config": []
          },
          "sensitive_attributes": [],
          "private": "eyJlMmJmYjczMC1lY2FhLTExZTYtOGY4OC0zNDM2M2JjN2M0YzAiOnsiY3JlYXRlIjo2MDAwMDAwMDAwMDB9fQ==",
          "dependencies": [
            "aws_cloudwatch_log_group.lambda_filestorage",
            "aws_iam_role.iam_for_lambda",
            "aws_iam_role_policy_attachment.lambda_logs",
            "module.test.data.archive_file.function_source"
          ]
        }
      ]
    },
    {
      "module": "module.test",
      "mode": "managed",
      "type": "aws_lambda_permission",
      "name": "current",
      "provider": "provider[\"registry.terraform.io/hashicorp/aws\"]",
      "instances": [
        {
          "schema_version": 0,
          "attributes": {
            "action": "lambda:InvokeFunction",
            "event_source_token": null,
            "function_name": "test",
            "id": "AllowExecutionFromAPIGateway",
            "principal": "apigateway.amazonaws.com",
            "qualifier": "",
            "source_account": null,
            "source_arn": "arn:aws:execute-api:ap-northeast-1:320981266684:u2q24vtiua/*/*/*",
            "statement_id": "AllowExecutionFromAPIGateway",
            "statement_id_prefix": null
          },
          "sensitive_attributes": [],
          "private": "bnVsbA==",
          "dependencies": [
            "aws_api_gateway_rest_api.current",
            "aws_cloudwatch_log_group.lambda_filestorage",
            "aws_iam_policy.lambda_logging",
            "aws_iam_role.iam_for_lambda",
            "aws_iam_role_policy_attachment.lambda_logs",
            "module.test.aws_lambda_function.current",
            "module.test.data.archive_file.function_source"
          ]
        }
      ]
    },
    {
      "module": "module.upload_file",
      "mode": "data",
      "type": "archive_file",
      "name": "function_source",
      "provider": "provider[\"registry.terraform.io/hashicorp/archive\"]",
      "instances": [
        {
          "schema_version": 0,
          "attributes": {
            "excludes": null,
            "id": "9b892579fbb6da7aa76c1db12e256e1092590b8d",
            "output_base64sha256": "ClFoLSF/ZMHcOvmAt8hSapak2eU/7fj+mrAj+0E6wps=",
            "output_md5": "2bb4fa087ea775254cb246bc990e5666",
            "output_path": "./zip/upload_file.zip",
            "output_sha": "9b892579fbb6da7aa76c1db12e256e1092590b8d",
            "output_size": 7535,
            "source": [],
            "source_content": null,
            "source_content_filename": null,
            "source_dir": "../backend/functions",
            "source_file": null,
            "type": "zip"
          },
          "sensitive_attributes": []
        }
      ]
    },
    {
      "module": "module.upload_file",
      "mode": "managed",
      "type": "aws_api_gateway_integration",
      "name": "current",
      "provider": "provider[\"registry.terraform.io/hashicorp/aws\"]",
      "instances": [
        {
          "schema_version": 0,
          "attributes": {
            "cache_key_parameters": [],
            "cache_namespace": "p0atru",
            "connection_id": "",
            "connection_type": "INTERNET",
            "content_handling": "",
            "credentials": "",
            "http_method": "POST",
            "id": "agi-u2q24vtiua-p0atru-POST",
            "integration_http_method": "POST",
            "passthrough_behavior": "WHEN_NO_MATCH",
            "request_parameters": {},
            "request_templates": {},
            "resource_id": "p0atru",
            "rest_api_id": "u2q24vtiua",
            "timeout_milliseconds": 29000,
            "tls_config": [],
            "type": "AWS_PROXY",
            "uri": "arn:aws:apigateway:ap-northeast-1:lambda:path/2015-03-31/functions/arn:aws:lambda:ap-northeast-1:320981266684:function:upload_file/invocations"
          },
          "sensitive_attributes": [],
          "private": "bnVsbA==",
          "dependencies": [
            "aws_api_gateway_rest_api.current",
            "aws_cloudwatch_log_group.lambda_filestorage",
            "aws_iam_policy.lambda_logging",
            "aws_iam_role.iam_for_lambda",
            "aws_iam_role_policy_attachment.lambda_logs",
            "module.upload_file.aws_api_gateway_resource.current",
            "module.upload_file.aws_lambda_function.current",
            "module.upload_file.data.archive_file.function_source"
          ]
        }
      ]
    },
    {
      "module": "module.upload_file",
      "mode": "managed",
      "type": "aws_api_gateway_integration",
      "name": "options",
      "provider": "provider[\"registry.terraform.io/hashicorp/aws\"]",
      "instances": [
        {
          "schema_version": 0,
          "attributes": {
            "cache_key_parameters": [],
            "cache_namespace": "p0atru",
            "connection_id": "",
            "connection_type": "INTERNET",
            "content_handling": "",
            "credentials": "",
            "http_method": "OPTIONS",
            "id": "agi-u2q24vtiua-p0atru-OPTIONS",
            "integration_http_method": "",
            "passthrough_behavior": "WHEN_NO_MATCH",
            "request_parameters": {},
            "request_templates": {
              "application/json": "{\n  \"statusCode\": 200,\n  \"headers\": {\n    \"Access-Control-Allow-Headers\": \"Content-Type,X-Amz-Date,Authorization,X-Api-Key,X-Amz-Security-Token,Cookie\",\n    \"Access-Control-Allow-Origin\": \"https://experiment-lab.link\",\n    \"Access-Control-Allow-Credentials\": \"true\",\n    \"Access-Control-Allow-Methods\": \"GET,OPTIONS,POST,PUT,DELETE,PATCH\"\n  }\n}\n"
            },
            "resource_id": "p0atru",
            "rest_api_id": "u2q24vtiua",
            "timeout_milliseconds": 29000,
            "tls_config": [],
            "type": "MOCK",
            "uri": ""
          },
          "sensitive_attributes": [],
          "private": "bnVsbA==",
          "dependencies": [
            "aws_api_gateway_rest_api.current",
            "module.upload_file.aws_api_gateway_method.options",
            "module.upload_file.aws_api_gateway_resource.current"
          ]
        }
      ]
    },
    {
      "module": "module.upload_file",
      "mode": "managed",
      "type": "aws_api_gateway_integration_response",
      "name": "current",
      "provider": "provider[\"registry.terraform.io/hashicorp/aws\"]",
      "instances": [
        {
          "schema_version": 0,
          "attributes": {
            "content_handling": "",
            "http_method": "OPTIONS",
            "id": "agir-u2q24vtiua-p0atru-OPTIONS-200",
            "resource_id": "p0atru",
            "response_parameters": {
              "method.response.header.Access-Control-Allow-Credentials": "'true'",
              "method.response.header.Access-Control-Allow-Headers": "'Content-Type,X-Amz-Date,Authorization,X-Api-Key,X-Amz-Security-Token,Cookie'",
              "method.response.header.Access-Control-Allow-Methods": "'GET,OPTIONS,POST,PUT,DELETE,PATCH'",
              "method.response.header.Access-Control-Allow-Origin": "'https://experiment-lab.link'"
            },
            "response_templates": {},
            "rest_api_id": "u2q24vtiua",
            "selection_pattern": ".*\"status\":200.*",
            "status_code": "200"
          },
          "sensitive_attributes": [],
          "private": "bnVsbA==",
          "dependencies": [
            "aws_api_gateway_rest_api.current",
            "module.upload_file.aws_api_gateway_method.current",
            "module.upload_file.aws_api_gateway_method.options",
            "module.upload_file.aws_api_gateway_method_response.current",
            "module.upload_file.aws_api_gateway_resource.current"
          ]
        }
      ]
    },
    {
      "module": "module.upload_file",
      "mode": "managed",
      "type": "aws_api_gateway_integration_response",
      "name": "current_302",
      "provider": "provider[\"registry.terraform.io/hashicorp/aws\"]",
      "instances": [
        {
          "schema_version": 0,
          "attributes": {
            "content_handling": "",
            "http_method": "POST",
            "id": "agir-u2q24vtiua-p0atru-POST-302",
            "resource_id": "p0atru",
            "response_parameters": {
              "method.response.header.Access-Control-Allow-Credentials": "'true'",
              "method.response.header.Access-Control-Allow-Headers": "'Content-Type,X-Amz-Date,Authorization,X-Api-Key,X-Amz-Security-Token,Cookie'",
              "method.response.header.Access-Control-Allow-Methods": "'GET,OPTIONS,POST,PUT,DELETE,PATCH'",
              "method.response.header.Access-Control-Allow-Origin": "'https://experiment-lab.link'"
            },
            "response_templates": {},
            "rest_api_id": "u2q24vtiua",
            "selection_pattern": ".*\"status\":302.*",
            "status_code": "302"
          },
          "sensitive_attributes": [],
          "private": "bnVsbA==",
          "dependencies": [
            "aws_api_gateway_rest_api.current",
            "module.upload_file.aws_api_gateway_method.current",
            "module.upload_file.aws_api_gateway_method_response.current_302",
            "module.upload_file.aws_api_gateway_resource.current"
          ]
        }
      ]
    },
    {
      "module": "module.upload_file",
      "mode": "managed",
      "type": "aws_api_gateway_integration_response",
      "name": "options",
      "provider": "provider[\"registry.terraform.io/hashicorp/aws\"]",
      "instances": [
        {
          "schema_version": 0,
          "attributes": {
            "content_handling": "",
            "http_method": "OPTIONS",
            "id": "agir-u2q24vtiua-p0atru-OPTIONS-200",
            "resource_id": "p0atru",
            "response_parameters": {
              "method.response.header.Access-Control-Allow-Credentials": "'true'",
              "method.response.header.Access-Control-Allow-Headers": "'Content-Type,X-Amz-Date,Authorization,X-Api-Key,X-Amz-Security-Token,Cookie'",
              "method.response.header.Access-Control-Allow-Methods": "'GET,OPTIONS,POST,PUT,DELETE,PATCH'",
              "method.response.header.Access-Control-Allow-Origin": "'https://experiment-lab.link'"
            },
            "response_templates": {},
            "rest_api_id": "u2q24vtiua",
            "selection_pattern": "",
            "status_code": "200"
          },
          "sensitive_attributes": [],
          "private": "bnVsbA==",
          "dependencies": [
            "aws_api_gateway_rest_api.current",
            "module.upload_file.aws_api_gateway_method.options",
            "module.upload_file.aws_api_gateway_method_response.options",
            "module.upload_file.aws_api_gateway_resource.current"
          ]
        }
      ]
    },
    {
      "module": "module.upload_file",
      "mode": "managed",
      "type": "aws_api_gateway_method",
      "name": "current",
      "provider": "provider[\"registry.terraform.io/hashicorp/aws\"]",
      "instances": [
        {
          "schema_version": 0,
          "attributes": {
            "api_key_required": false,
            "authorization": "NONE",
            "authorization_scopes": [],
            "authorizer_id": "",
            "http_method": "POST",
            "id": "agm-u2q24vtiua-p0atru-POST",
            "operation_name": "",
            "request_models": {},
            "request_parameters": {},
            "request_validator_id": "",
            "resource_id": "p0atru",
            "rest_api_id": "u2q24vtiua"
          },
          "sensitive_attributes": [],
          "private": "bnVsbA==",
          "dependencies": [
            "aws_api_gateway_rest_api.current",
            "module.upload_file.aws_api_gateway_resource.current"
          ]
        }
      ]
    },
    {
      "module": "module.upload_file",
      "mode": "managed",
      "type": "aws_api_gateway_method",
      "name": "options",
      "provider": "provider[\"registry.terraform.io/hashicorp/aws\"]",
      "instances": [
        {
          "schema_version": 0,
          "attributes": {
            "api_key_required": false,
            "authorization": "NONE",
            "authorization_scopes": [],
            "authorizer_id": "",
            "http_method": "OPTIONS",
            "id": "agm-u2q24vtiua-p0atru-OPTIONS",
            "operation_name": "",
            "request_models": {},
            "request_parameters": {},
            "request_validator_id": "",
            "resource_id": "p0atru",
            "rest_api_id": "u2q24vtiua"
          },
          "sensitive_attributes": [],
          "private": "bnVsbA==",
          "dependencies": [
            "aws_api_gateway_rest_api.current",
            "module.upload_file.aws_api_gateway_resource.current"
          ]
        }
      ]
    },
    {
      "module": "module.upload_file",
      "mode": "managed",
      "type": "aws_api_gateway_method_response",
      "name": "current",
      "provider": "provider[\"registry.terraform.io/hashicorp/aws\"]",
      "instances": [
        {
          "schema_version": 0,
          "attributes": {
            "http_method": "POST",
            "id": "agmr-u2q24vtiua-p0atru-POST-200",
            "resource_id": "p0atru",
            "response_models": {
              "application/json": "Empty"
            },
            "response_parameters": {
              "method.response.header.Access-Control-Allow-Credentials": true,
              "method.response.header.Access-Control-Allow-Headers": true,
              "method.response.header.Access-Control-Allow-Methods": true,
              "method.response.header.Access-Control-Allow-Origin": true
            },
            "rest_api_id": "u2q24vtiua",
            "status_code": "200"
          },
          "sensitive_attributes": [],
          "private": "bnVsbA==",
          "dependencies": [
            "aws_api_gateway_rest_api.current",
            "module.upload_file.aws_api_gateway_method.current",
            "module.upload_file.aws_api_gateway_resource.current"
          ]
        }
      ]
    },
    {
      "module": "module.upload_file",
      "mode": "managed",
      "type": "aws_api_gateway_method_response",
      "name": "current_302",
      "provider": "provider[\"registry.terraform.io/hashicorp/aws\"]",
      "instances": [
        {
          "schema_version": 0,
          "attributes": {
            "http_method": "POST",
            "id": "agmr-u2q24vtiua-p0atru-POST-302",
            "resource_id": "p0atru",
            "response_models": {},
            "response_parameters": {
              "method.response.header.Location": true
            },
            "rest_api_id": "u2q24vtiua",
            "status_code": "302"
          },
          "sensitive_attributes": [],
          "private": "bnVsbA==",
          "dependencies": [
            "aws_api_gateway_rest_api.current",
            "module.upload_file.aws_api_gateway_method.current",
            "module.upload_file.aws_api_gateway_resource.current"
          ]
        }
      ]
    },
    {
      "module": "module.upload_file",
      "mode": "managed",
      "type": "aws_api_gateway_method_response",
      "name": "options",
      "provider": "provider[\"registry.terraform.io/hashicorp/aws\"]",
      "instances": [
        {
          "schema_version": 0,
          "attributes": {
            "http_method": "OPTIONS",
            "id": "agmr-u2q24vtiua-p0atru-OPTIONS-200",
            "resource_id": "p0atru",
            "response_models": {
              "application/json": "Empty"
            },
            "response_parameters": {
              "method.response.header.Access-Control-Allow-Credentials": true,
              "method.response.header.Access-Control-Allow-Headers": true,
              "method.response.header.Access-Control-Allow-Methods": true,
              "method.response.header.Access-Control-Allow-Origin": true
            },
            "rest_api_id": "u2q24vtiua",
            "status_code": "200"
          },
          "sensitive_attributes": [],
          "private": "bnVsbA==",
          "dependencies": [
            "aws_api_gateway_rest_api.current",
            "module.upload_file.aws_api_gateway_method.options",
            "module.upload_file.aws_api_gateway_resource.current"
          ]
        }
      ]
    },
    {
      "module": "module.upload_file",
      "mode": "managed",
      "type": "aws_api_gateway_resource",
      "name": "current",
      "provider": "provider[\"registry.terraform.io/hashicorp/aws\"]",
      "instances": [
        {
          "schema_version": 0,
          "attributes": {
            "id": "p0atru",
            "parent_id": "x1roclyjj9",
            "path": "/upload_file",
            "path_part": "upload_file",
            "rest_api_id": "u2q24vtiua"
          },
          "sensitive_attributes": [],
          "private": "bnVsbA==",
          "dependencies": [
            "aws_api_gateway_rest_api.current"
          ]
        }
      ]
    },
    {
      "module": "module.upload_file",
      "mode": "managed",
      "type": "aws_lambda_function",
      "name": "current",
      "provider": "provider[\"registry.terraform.io/hashicorp/aws\"]",
      "instances": [
        {
          "schema_version": 0,
          "attributes": {
            "arn": "arn:aws:lambda:ap-northeast-1:320981266684:function:upload_file",
            "code_signing_config_arn": "",
            "dead_letter_config": [],
            "description": "",
            "environment": [
              {
                "variables": {
                  "ENV": "production"
                }
              }
            ],
            "file_system_config": [],
            "filename": "./zip/upload_file.zip",
            "function_name": "upload_file",
            "handler": "upload_file.handler",
            "id": "upload_file",
            "image_config": [],
            "image_uri": "",
            "invoke_arn": "arn:aws:apigateway:ap-northeast-1:lambda:path/2015-03-31/functions/arn:aws:lambda:ap-northeast-1:320981266684:function:upload_file/invocations",
            "kms_key_arn": "",
            "last_modified": "2021-05-10T11:17:10.479+0000",
            "layers": [],
            "memory_size": 1024,
            "package_type": "Zip",
            "publish": false,
            "qualified_arn": "arn:aws:lambda:ap-northeast-1:320981266684:function:upload_file:4",
            "reserved_concurrent_executions": 10,
            "role": "arn:aws:iam::320981266684:role/iam_for_lambda",
            "runtime": "ruby2.7",
            "s3_bucket": null,
            "s3_key": null,
            "s3_object_version": null,
            "signing_job_arn": "",
            "signing_profile_version_arn": "",
            "source_code_hash": "ClFoLSF/ZMHcOvmAt8hSapak2eU/7fj+mrAj+0E6wps=",
            "source_code_size": 7535,
            "tags": {},
            "tags_all": {},
            "timeout": 60,
            "timeouts": null,
            "tracing_config": [
              {
                "mode": "PassThrough"
              }
            ],
            "version": "4",
            "vpc_config": []
          },
          "sensitive_attributes": [],
          "private": "eyJlMmJmYjczMC1lY2FhLTExZTYtOGY4OC0zNDM2M2JjN2M0YzAiOnsiY3JlYXRlIjo2MDAwMDAwMDAwMDB9fQ==",
          "dependencies": [
            "aws_cloudwatch_log_group.lambda_filestorage",
            "aws_iam_role.iam_for_lambda",
            "aws_iam_role_policy_attachment.lambda_logs",
            "module.upload_file.data.archive_file.function_source"
          ]
        }
      ]
    },
    {
      "module": "module.upload_file",
      "mode": "managed",
      "type": "aws_lambda_permission",
      "name": "current",
      "provider": "provider[\"registry.terraform.io/hashicorp/aws\"]",
      "instances": [
        {
          "schema_version": 0,
          "attributes": {
            "action": "lambda:InvokeFunction",
            "event_source_token": null,
            "function_name": "upload_file",
            "id": "AllowExecutionFromAPIGateway",
            "principal": "apigateway.amazonaws.com",
            "qualifier": "",
            "source_account": null,
            "source_arn": "arn:aws:execute-api:ap-northeast-1:320981266684:u2q24vtiua/*/*/*",
            "statement_id": "AllowExecutionFromAPIGateway",
            "statement_id_prefix": null
          },
          "sensitive_attributes": [],
          "private": "bnVsbA==",
          "dependencies": [
            "aws_api_gateway_rest_api.current",
            "aws_cloudwatch_log_group.lambda_filestorage",
            "aws_iam_policy.lambda_logging",
            "aws_iam_role.iam_for_lambda",
            "aws_iam_role_policy_attachment.lambda_logs",
            "module.upload_file.aws_lambda_function.current",
            "module.upload_file.data.archive_file.function_source"
          ]
        }
      ]
    }
  ]
}
